// !$*UTF8*$!
{
	archiveVersion = 1;
	classes = {
	};
	objectVersion = 46;
	objects = {

/* Begin PBXBuildFile section */
		2E47366D1B65F5C200E14CF7 /* MixPanel.h in Headers */ = {isa = PBXBuildFile; fileRef = 2E47366C1B65F5C200E14CF7 /* MixPanel.h */; settings = {ATTRIBUTES = (Public, ); }; };
		2E4736731B65F5C200E14CF7 /* MixPanel.framework in Frameworks */ = {isa = PBXBuildFile; fileRef = 2E4736671B65F5C200E14CF7 /* MixPanel.framework */; };
		2E47367A1B65F5C200E14CF7 /* MixPanelTests.swift in Sources */ = {isa = PBXBuildFile; fileRef = 2E4736791B65F5C200E14CF7 /* MixPanelTests.swift */; };
		2E47370B1B65F60600E14CF7 /* _MPTweakBindObserver.h in Headers */ = {isa = PBXBuildFile; fileRef = 2E4736871B65F60600E14CF7 /* _MPTweakBindObserver.h */; settings = {ATTRIBUTES = (Public, ); }; };
		2E47370C1B65F60600E14CF7 /* _MPTweakBindObserver.m in Sources */ = {isa = PBXBuildFile; fileRef = 2E4736881B65F60600E14CF7 /* _MPTweakBindObserver.m */; };
		2E47370D1B65F60600E14CF7 /* Media.xcassets in Resources */ = {isa = PBXBuildFile; fileRef = 2E4736891B65F60600E14CF7 /* Media.xcassets */; };
		2E47370E1B65F60600E14CF7 /* Mixpanel.h in Headers */ = {isa = PBXBuildFile; fileRef = 2E47368A1B65F60600E14CF7 /* Mixpanel.h */; settings = {ATTRIBUTES = (Public, ); }; };
		2E47370F1B65F60600E14CF7 /* Mixpanel.m in Sources */ = {isa = PBXBuildFile; fileRef = 2E47368B1B65F60600E14CF7 /* Mixpanel.m */; };
		2E4737101B65F60600E14CF7 /* MPAbstractABTestDesignerMessage.h in Headers */ = {isa = PBXBuildFile; fileRef = 2E47368C1B65F60600E14CF7 /* MPAbstractABTestDesignerMessage.h */; settings = {ATTRIBUTES = (Public, ); }; };
		2E4737111B65F60600E14CF7 /* MPAbstractABTestDesignerMessage.m in Sources */ = {isa = PBXBuildFile; fileRef = 2E47368D1B65F60600E14CF7 /* MPAbstractABTestDesignerMessage.m */; };
		2E4737121B65F60600E14CF7 /* MPABTestDesignerChangeRequestMessage.h in Headers */ = {isa = PBXBuildFile; fileRef = 2E47368E1B65F60600E14CF7 /* MPABTestDesignerChangeRequestMessage.h */; settings = {ATTRIBUTES = (Public, ); }; };
		2E4737131B65F60600E14CF7 /* MPABTestDesignerChangeRequestMessage.m in Sources */ = {isa = PBXBuildFile; fileRef = 2E47368F1B65F60600E14CF7 /* MPABTestDesignerChangeRequestMessage.m */; };
		2E4737141B65F60600E14CF7 /* MPABTestDesignerChangeResponseMessage.h in Headers */ = {isa = PBXBuildFile; fileRef = 2E4736901B65F60600E14CF7 /* MPABTestDesignerChangeResponseMessage.h */; settings = {ATTRIBUTES = (Public, ); }; };
		2E4737151B65F60600E14CF7 /* MPABTestDesignerChangeResponseMessage.m in Sources */ = {isa = PBXBuildFile; fileRef = 2E4736911B65F60600E14CF7 /* MPABTestDesignerChangeResponseMessage.m */; };
		2E4737161B65F60600E14CF7 /* MPABTestDesignerClearRequestMessage.h in Headers */ = {isa = PBXBuildFile; fileRef = 2E4736921B65F60600E14CF7 /* MPABTestDesignerClearRequestMessage.h */; settings = {ATTRIBUTES = (Public, ); }; };
		2E4737171B65F60600E14CF7 /* MPABTestDesignerClearRequestMessage.m in Sources */ = {isa = PBXBuildFile; fileRef = 2E4736931B65F60600E14CF7 /* MPABTestDesignerClearRequestMessage.m */; };
		2E4737181B65F60600E14CF7 /* MPABTestDesignerClearResponseMessage.h in Headers */ = {isa = PBXBuildFile; fileRef = 2E4736941B65F60600E14CF7 /* MPABTestDesignerClearResponseMessage.h */; settings = {ATTRIBUTES = (Public, ); }; };
		2E4737191B65F60600E14CF7 /* MPABTestDesignerClearResponseMessage.m in Sources */ = {isa = PBXBuildFile; fileRef = 2E4736951B65F60600E14CF7 /* MPABTestDesignerClearResponseMessage.m */; };
		2E47371A1B65F60600E14CF7 /* MPABTestDesignerConnection.h in Headers */ = {isa = PBXBuildFile; fileRef = 2E4736961B65F60600E14CF7 /* MPABTestDesignerConnection.h */; settings = {ATTRIBUTES = (Public, ); }; };
		2E47371B1B65F60600E14CF7 /* MPABTestDesignerConnection.m in Sources */ = {isa = PBXBuildFile; fileRef = 2E4736971B65F60600E14CF7 /* MPABTestDesignerConnection.m */; };
		2E47371C1B65F60600E14CF7 /* MPABTestDesignerDeviceInfoRequestMessage.h in Headers */ = {isa = PBXBuildFile; fileRef = 2E4736981B65F60600E14CF7 /* MPABTestDesignerDeviceInfoRequestMessage.h */; settings = {ATTRIBUTES = (Public, ); }; };
		2E47371D1B65F60600E14CF7 /* MPABTestDesignerDeviceInfoRequestMessage.m in Sources */ = {isa = PBXBuildFile; fileRef = 2E4736991B65F60600E14CF7 /* MPABTestDesignerDeviceInfoRequestMessage.m */; };
		2E47371E1B65F60600E14CF7 /* MPABTestDesignerDeviceInfoResponseMessage.h in Headers */ = {isa = PBXBuildFile; fileRef = 2E47369A1B65F60600E14CF7 /* MPABTestDesignerDeviceInfoResponseMessage.h */; settings = {ATTRIBUTES = (Public, ); }; };
		2E47371F1B65F60600E14CF7 /* MPABTestDesignerDeviceInfoResponseMessage.m in Sources */ = {isa = PBXBuildFile; fileRef = 2E47369B1B65F60600E14CF7 /* MPABTestDesignerDeviceInfoResponseMessage.m */; };
		2E4737201B65F60600E14CF7 /* MPABTestDesignerDisconnectMessage.h in Headers */ = {isa = PBXBuildFile; fileRef = 2E47369C1B65F60600E14CF7 /* MPABTestDesignerDisconnectMessage.h */; settings = {ATTRIBUTES = (Public, ); }; };
		2E4737211B65F60600E14CF7 /* MPABTestDesignerDisconnectMessage.m in Sources */ = {isa = PBXBuildFile; fileRef = 2E47369D1B65F60600E14CF7 /* MPABTestDesignerDisconnectMessage.m */; };
		2E4737221B65F60600E14CF7 /* MPABTestDesignerMessage.h in Headers */ = {isa = PBXBuildFile; fileRef = 2E47369E1B65F60600E14CF7 /* MPABTestDesignerMessage.h */; settings = {ATTRIBUTES = (Public, ); }; };
		2E4737231B65F60600E14CF7 /* MPABTestDesignerSnapshotRequestMessage.h in Headers */ = {isa = PBXBuildFile; fileRef = 2E47369F1B65F60600E14CF7 /* MPABTestDesignerSnapshotRequestMessage.h */; settings = {ATTRIBUTES = (Public, ); }; };
		2E4737241B65F60600E14CF7 /* MPABTestDesignerSnapshotRequestMessage.m in Sources */ = {isa = PBXBuildFile; fileRef = 2E4736A01B65F60600E14CF7 /* MPABTestDesignerSnapshotRequestMessage.m */; };
		2E4737251B65F60600E14CF7 /* MPABTestDesignerSnapshotResponseMessage.h in Headers */ = {isa = PBXBuildFile; fileRef = 2E4736A11B65F60600E14CF7 /* MPABTestDesignerSnapshotResponseMessage.h */; settings = {ATTRIBUTES = (Public, ); }; };
		2E4737261B65F60600E14CF7 /* MPABTestDesignerSnapshotResponseMessage.m in Sources */ = {isa = PBXBuildFile; fileRef = 2E4736A21B65F60600E14CF7 /* MPABTestDesignerSnapshotResponseMessage.m */; };
		2E4737271B65F60600E14CF7 /* MPABTestDesignerTweakRequestMessage.h in Headers */ = {isa = PBXBuildFile; fileRef = 2E4736A31B65F60600E14CF7 /* MPABTestDesignerTweakRequestMessage.h */; settings = {ATTRIBUTES = (Public, ); }; };
		2E4737281B65F60600E14CF7 /* MPABTestDesignerTweakRequestMessage.m in Sources */ = {isa = PBXBuildFile; fileRef = 2E4736A41B65F60600E14CF7 /* MPABTestDesignerTweakRequestMessage.m */; };
		2E4737291B65F60600E14CF7 /* MPABTestDesignerTweakResponseMessage.h in Headers */ = {isa = PBXBuildFile; fileRef = 2E4736A51B65F60600E14CF7 /* MPABTestDesignerTweakResponseMessage.h */; settings = {ATTRIBUTES = (Public, ); }; };
		2E47372A1B65F60600E14CF7 /* MPABTestDesignerTweakResponseMessage.m in Sources */ = {isa = PBXBuildFile; fileRef = 2E4736A61B65F60600E14CF7 /* MPABTestDesignerTweakResponseMessage.m */; };
		2E47372B1B65F60600E14CF7 /* MPApplicationStateSerializer.h in Headers */ = {isa = PBXBuildFile; fileRef = 2E4736A71B65F60600E14CF7 /* MPApplicationStateSerializer.h */; settings = {ATTRIBUTES = (Public, ); }; };
		2E47372C1B65F60600E14CF7 /* MPApplicationStateSerializer.m in Sources */ = {isa = PBXBuildFile; fileRef = 2E4736A81B65F60600E14CF7 /* MPApplicationStateSerializer.m */; };
		2E47372D1B65F60600E14CF7 /* MPBOOLToNSNumberValueTransformer.m in Sources */ = {isa = PBXBuildFile; fileRef = 2E4736A91B65F60600E14CF7 /* MPBOOLToNSNumberValueTransformer.m */; };
		2E47372E1B65F60600E14CF7 /* MPCategoryHelpers.h in Headers */ = {isa = PBXBuildFile; fileRef = 2E4736AA1B65F60600E14CF7 /* MPCategoryHelpers.h */; settings = {ATTRIBUTES = (Public, ); }; };
		2E47372F1B65F60600E14CF7 /* MPCATransform3DToNSDictionaryValueTransformer.m in Sources */ = {isa = PBXBuildFile; fileRef = 2E4736AB1B65F60600E14CF7 /* MPCATransform3DToNSDictionaryValueTransformer.m */; };
		2E4737301B65F60600E14CF7 /* MPCGAffineTransformToNSDictionaryValueTransformer.m in Sources */ = {isa = PBXBuildFile; fileRef = 2E4736AC1B65F60600E14CF7 /* MPCGAffineTransformToNSDictionaryValueTransformer.m */; };
		2E4737311B65F60600E14CF7 /* MPCGColorRefToNSStringValueTransformer.m in Sources */ = {isa = PBXBuildFile; fileRef = 2E4736AD1B65F60600E14CF7 /* MPCGColorRefToNSStringValueTransformer.m */; };
		2E4737321B65F60600E14CF7 /* MPCGPointToNSDictionaryValueTransformer.m in Sources */ = {isa = PBXBuildFile; fileRef = 2E4736AE1B65F60600E14CF7 /* MPCGPointToNSDictionaryValueTransformer.m */; };
		2E4737331B65F60600E14CF7 /* MPCGRectToNSDictionaryValueTransformer.m in Sources */ = {isa = PBXBuildFile; fileRef = 2E4736AF1B65F60600E14CF7 /* MPCGRectToNSDictionaryValueTransformer.m */; };
		2E4737341B65F60600E14CF7 /* MPCGSizeToNSDictionaryValueTransformer.m in Sources */ = {isa = PBXBuildFile; fileRef = 2E4736B01B65F60600E14CF7 /* MPCGSizeToNSDictionaryValueTransformer.m */; };
		2E4737351B65F60600E14CF7 /* MPClassDescription.h in Headers */ = {isa = PBXBuildFile; fileRef = 2E4736B11B65F60600E14CF7 /* MPClassDescription.h */; settings = {ATTRIBUTES = (Public, ); }; };
		2E4737361B65F60600E14CF7 /* MPClassDescription.m in Sources */ = {isa = PBXBuildFile; fileRef = 2E4736B21B65F60600E14CF7 /* MPClassDescription.m */; };
		2E4737371B65F60600E14CF7 /* MPDesignerEventBindingMessage.h in Headers */ = {isa = PBXBuildFile; fileRef = 2E4736B31B65F60600E14CF7 /* MPDesignerEventBindingMessage.h */; settings = {ATTRIBUTES = (Public, ); }; };
		2E4737381B65F60600E14CF7 /* MPDesignerEventBindingRequestMesssage.m in Sources */ = {isa = PBXBuildFile; fileRef = 2E4736B41B65F60600E14CF7 /* MPDesignerEventBindingRequestMesssage.m */; };
		2E4737391B65F60600E14CF7 /* MPDesignerEventBindingResponseMesssage.m in Sources */ = {isa = PBXBuildFile; fileRef = 2E4736B51B65F60600E14CF7 /* MPDesignerEventBindingResponseMesssage.m */; };
		2E47373A1B65F60600E14CF7 /* MPDesignerSessionCollection.h in Headers */ = {isa = PBXBuildFile; fileRef = 2E4736B61B65F60600E14CF7 /* MPDesignerSessionCollection.h */; settings = {ATTRIBUTES = (Public, ); }; };
		2E47373B1B65F60600E14CF7 /* MPDesignerTrackMessage.m in Sources */ = {isa = PBXBuildFile; fileRef = 2E4736B71B65F60600E14CF7 /* MPDesignerTrackMessage.m */; };
		2E47373C1B65F60600E14CF7 /* MPEnumDescription.h in Headers */ = {isa = PBXBuildFile; fileRef = 2E4736B81B65F60600E14CF7 /* MPEnumDescription.h */; settings = {ATTRIBUTES = (Public, ); }; };
		2E47373D1B65F60600E14CF7 /* MPEnumDescription.m in Sources */ = {isa = PBXBuildFile; fileRef = 2E4736B91B65F60600E14CF7 /* MPEnumDescription.m */; };
		2E47373E1B65F60600E14CF7 /* MPEventBinding.h in Headers */ = {isa = PBXBuildFile; fileRef = 2E4736BA1B65F60600E14CF7 /* MPEventBinding.h */; settings = {ATTRIBUTES = (Public, ); }; };
		2E47373F1B65F60600E14CF7 /* MPEventBinding.m in Sources */ = {isa = PBXBuildFile; fileRef = 2E4736BB1B65F60600E14CF7 /* MPEventBinding.m */; };
		2E4737401B65F60600E14CF7 /* MPLogger.h in Headers */ = {isa = PBXBuildFile; fileRef = 2E4736BC1B65F60600E14CF7 /* MPLogger.h */; settings = {ATTRIBUTES = (Public, ); }; };
		2E4737411B65F60600E14CF7 /* MPNotification.h in Headers */ = {isa = PBXBuildFile; fileRef = 2E4736BD1B65F60600E14CF7 /* MPNotification.h */; settings = {ATTRIBUTES = (Public, ); }; };
		2E4737421B65F60600E14CF7 /* MPNotification.m in Sources */ = {isa = PBXBuildFile; fileRef = 2E4736BE1B65F60600E14CF7 /* MPNotification.m */; };
		2E4737431B65F60600E14CF7 /* MPNotification.storyboard in Resources */ = {isa = PBXBuildFile; fileRef = 2E4736BF1B65F60600E14CF7 /* MPNotification.storyboard */; };
		2E4737441B65F60600E14CF7 /* MPNotificationViewController.h in Headers */ = {isa = PBXBuildFile; fileRef = 2E4736C01B65F60600E14CF7 /* MPNotificationViewController.h */; settings = {ATTRIBUTES = (Public, ); }; };
		2E4737451B65F60600E14CF7 /* MPNotificationViewController.m in Sources */ = {isa = PBXBuildFile; fileRef = 2E4736C11B65F60600E14CF7 /* MPNotificationViewController.m */; };
		2E4737461B65F60600E14CF7 /* MPNSAttributedStringToNSDictionaryValueTransformer.m in Sources */ = {isa = PBXBuildFile; fileRef = 2E4736C21B65F60600E14CF7 /* MPNSAttributedStringToNSDictionaryValueTransformer.m */; };
		2E4737471B65F60600E14CF7 /* MPNSNumberToCGFloatValueTransformer.m in Sources */ = {isa = PBXBuildFile; fileRef = 2E4736C31B65F60600E14CF7 /* MPNSNumberToCGFloatValueTransformer.m */; };
		2E4737481B65F60600E14CF7 /* MPObjectIdentifierProvider.h in Headers */ = {isa = PBXBuildFile; fileRef = 2E4736C41B65F60600E14CF7 /* MPObjectIdentifierProvider.h */; settings = {ATTRIBUTES = (Public, ); }; };
		2E4737491B65F60600E14CF7 /* MPObjectIdentityProvider.h in Headers */ = {isa = PBXBuildFile; fileRef = 2E4736C51B65F60600E14CF7 /* MPObjectIdentityProvider.h */; settings = {ATTRIBUTES = (Public, ); }; };
		2E47374A1B65F60600E14CF7 /* MPObjectIdentityProvider.m in Sources */ = {isa = PBXBuildFile; fileRef = 2E4736C61B65F60600E14CF7 /* MPObjectIdentityProvider.m */; };
		2E47374B1B65F60600E14CF7 /* MPObjectSelector.h in Headers */ = {isa = PBXBuildFile; fileRef = 2E4736C71B65F60600E14CF7 /* MPObjectSelector.h */; settings = {ATTRIBUTES = (Public, ); }; };
		2E47374C1B65F60600E14CF7 /* MPObjectSelector.m in Sources */ = {isa = PBXBuildFile; fileRef = 2E4736C81B65F60600E14CF7 /* MPObjectSelector.m */; };
		2E47374D1B65F60600E14CF7 /* MPObjectSerializer.h in Headers */ = {isa = PBXBuildFile; fileRef = 2E4736C91B65F60600E14CF7 /* MPObjectSerializer.h */; settings = {ATTRIBUTES = (Public, ); }; };
		2E47374E1B65F60600E14CF7 /* MPObjectSerializer.m in Sources */ = {isa = PBXBuildFile; fileRef = 2E4736CA1B65F60600E14CF7 /* MPObjectSerializer.m */; };
		2E47374F1B65F60600E14CF7 /* MPObjectSerializerConfig.h in Headers */ = {isa = PBXBuildFile; fileRef = 2E4736CB1B65F60600E14CF7 /* MPObjectSerializerConfig.h */; settings = {ATTRIBUTES = (Public, ); }; };
		2E4737501B65F60600E14CF7 /* MPObjectSerializerConfig.m in Sources */ = {isa = PBXBuildFile; fileRef = 2E4736CC1B65F60600E14CF7 /* MPObjectSerializerConfig.m */; };
		2E4737511B65F60600E14CF7 /* MPObjectSerializerContext.h in Headers */ = {isa = PBXBuildFile; fileRef = 2E4736CD1B65F60600E14CF7 /* MPObjectSerializerContext.h */; settings = {ATTRIBUTES = (Public, ); }; };
		2E4737521B65F60600E14CF7 /* MPObjectSerializerContext.m in Sources */ = {isa = PBXBuildFile; fileRef = 2E4736CE1B65F60600E14CF7 /* MPObjectSerializerContext.m */; };
		2E4737531B65F60600E14CF7 /* MPPassThroughValueTransformer.m in Sources */ = {isa = PBXBuildFile; fileRef = 2E4736CF1B65F60600E14CF7 /* MPPassThroughValueTransformer.m */; };
		2E4737541B65F60600E14CF7 /* MPPropertyDescription.h in Headers */ = {isa = PBXBuildFile; fileRef = 2E4736D01B65F60600E14CF7 /* MPPropertyDescription.h */; settings = {ATTRIBUTES = (Public, ); }; };
		2E4737551B65F60600E14CF7 /* MPPropertyDescription.m in Sources */ = {isa = PBXBuildFile; fileRef = 2E4736D11B65F60600E14CF7 /* MPPropertyDescription.m */; };
		2E4737561B65F60600E14CF7 /* MPSequenceGenerator.h in Headers */ = {isa = PBXBuildFile; fileRef = 2E4736D21B65F60600E14CF7 /* MPSequenceGenerator.h */; settings = {ATTRIBUTES = (Public, ); }; };
		2E4737571B65F60600E14CF7 /* MPSequenceGenerator.m in Sources */ = {isa = PBXBuildFile; fileRef = 2E4736D31B65F60600E14CF7 /* MPSequenceGenerator.m */; };
		2E4737581B65F60600E14CF7 /* MPSurvey.h in Headers */ = {isa = PBXBuildFile; fileRef = 2E4736D41B65F60600E14CF7 /* MPSurvey.h */; settings = {ATTRIBUTES = (Public, ); }; };
		2E4737591B65F60600E14CF7 /* MPSurvey.m in Sources */ = {isa = PBXBuildFile; fileRef = 2E4736D51B65F60600E14CF7 /* MPSurvey.m */; };
		2E47375A1B65F60600E14CF7 /* MPSurvey.storyboard in Resources */ = {isa = PBXBuildFile; fileRef = 2E4736D61B65F60600E14CF7 /* MPSurvey.storyboard */; };
		2E47375B1B65F60600E14CF7 /* MPSurveyNavigationController.h in Headers */ = {isa = PBXBuildFile; fileRef = 2E4736D71B65F60600E14CF7 /* MPSurveyNavigationController.h */; settings = {ATTRIBUTES = (Public, ); }; };
		2E47375C1B65F60600E14CF7 /* MPSurveyNavigationController.m in Sources */ = {isa = PBXBuildFile; fileRef = 2E4736D81B65F60600E14CF7 /* MPSurveyNavigationController.m */; };
		2E47375D1B65F60600E14CF7 /* MPSurveyQuestion.h in Headers */ = {isa = PBXBuildFile; fileRef = 2E4736D91B65F60600E14CF7 /* MPSurveyQuestion.h */; settings = {ATTRIBUTES = (Public, ); }; };
		2E47375E1B65F60600E14CF7 /* MPSurveyQuestion.m in Sources */ = {isa = PBXBuildFile; fileRef = 2E4736DA1B65F60600E14CF7 /* MPSurveyQuestion.m */; };
		2E47375F1B65F60600E14CF7 /* MPSurveyQuestionViewController.h in Headers */ = {isa = PBXBuildFile; fileRef = 2E4736DB1B65F60600E14CF7 /* MPSurveyQuestionViewController.h */; settings = {ATTRIBUTES = (Public, ); }; };
		2E4737601B65F60600E14CF7 /* MPSurveyQuestionViewController.m in Sources */ = {isa = PBXBuildFile; fileRef = 2E4736DC1B65F60600E14CF7 /* MPSurveyQuestionViewController.m */; };
		2E4737611B65F60600E14CF7 /* MPSwizzler.h in Headers */ = {isa = PBXBuildFile; fileRef = 2E4736DD1B65F60600E14CF7 /* MPSwizzler.h */; settings = {ATTRIBUTES = (Public, ); }; };
		2E4737621B65F60600E14CF7 /* MPSwizzler.m in Sources */ = {isa = PBXBuildFile; fileRef = 2E4736DE1B65F60600E14CF7 /* MPSwizzler.m */; };
		2E4737631B65F60600E14CF7 /* MPTweak.h in Headers */ = {isa = PBXBuildFile; fileRef = 2E4736DF1B65F60600E14CF7 /* MPTweak.h */; settings = {ATTRIBUTES = (Public, ); }; };
		2E4737641B65F60600E14CF7 /* MPTweak.m in Sources */ = {isa = PBXBuildFile; fileRef = 2E4736E01B65F60600E14CF7 /* MPTweak.m */; };
		2E4737651B65F60600E14CF7 /* MPTweakInline.h in Headers */ = {isa = PBXBuildFile; fileRef = 2E4736E11B65F60600E14CF7 /* MPTweakInline.h */; settings = {ATTRIBUTES = (Public, ); }; };
		2E4737661B65F60600E14CF7 /* MPTweakInline.m in Sources */ = {isa = PBXBuildFile; fileRef = 2E4736E21B65F60600E14CF7 /* MPTweakInline.m */; };
		2E4737671B65F60600E14CF7 /* MPTweakInlineInternal.h in Headers */ = {isa = PBXBuildFile; fileRef = 2E4736E31B65F60600E14CF7 /* MPTweakInlineInternal.h */; settings = {ATTRIBUTES = (Public, ); }; };
		2E4737681B65F60600E14CF7 /* MPTweakStore.h in Headers */ = {isa = PBXBuildFile; fileRef = 2E4736E41B65F60600E14CF7 /* MPTweakStore.h */; settings = {ATTRIBUTES = (Public, ); }; };
		2E4737691B65F60600E14CF7 /* MPTweakStore.m in Sources */ = {isa = PBXBuildFile; fileRef = 2E4736E51B65F60600E14CF7 /* MPTweakStore.m */; };
		2E47376A1B65F60600E14CF7 /* MPTypeDescription.h in Headers */ = {isa = PBXBuildFile; fileRef = 2E4736E61B65F60600E14CF7 /* MPTypeDescription.h */; settings = {ATTRIBUTES = (Public, ); }; };
		2E47376B1B65F60600E14CF7 /* MPTypeDescription.m in Sources */ = {isa = PBXBuildFile; fileRef = 2E4736E71B65F60600E14CF7 /* MPTypeDescription.m */; };
		2E47376C1B65F60600E14CF7 /* MPUIColorToNSStringValueTransformer.m in Sources */ = {isa = PBXBuildFile; fileRef = 2E4736E81B65F60600E14CF7 /* MPUIColorToNSStringValueTransformer.m */; };
		2E47376D1B65F60600E14CF7 /* MPUIControlBinding.h in Headers */ = {isa = PBXBuildFile; fileRef = 2E4736E91B65F60600E14CF7 /* MPUIControlBinding.h */; settings = {ATTRIBUTES = (Public, ); }; };
		2E47376E1B65F60600E14CF7 /* MPUIControlBinding.m in Sources */ = {isa = PBXBuildFile; fileRef = 2E4736EA1B65F60600E14CF7 /* MPUIControlBinding.m */; };
		2E47376F1B65F60600E14CF7 /* MPUIEdgeInsetsToNSDictionaryValueTransformer.m in Sources */ = {isa = PBXBuildFile; fileRef = 2E4736EB1B65F60600E14CF7 /* MPUIEdgeInsetsToNSDictionaryValueTransformer.m */; };
		2E4737701B65F60600E14CF7 /* MPUIFontToNSDictionaryValueTransformer.m in Sources */ = {isa = PBXBuildFile; fileRef = 2E4736EC1B65F60600E14CF7 /* MPUIFontToNSDictionaryValueTransformer.m */; };
		2E4737711B65F60600E14CF7 /* MPUIImageToNSDictionaryValueTransformer.m in Sources */ = {isa = PBXBuildFile; fileRef = 2E4736ED1B65F60600E14CF7 /* MPUIImageToNSDictionaryValueTransformer.m */; };
		2E4737721B65F60600E14CF7 /* MPUITableViewBinding.h in Headers */ = {isa = PBXBuildFile; fileRef = 2E4736EE1B65F60600E14CF7 /* MPUITableViewBinding.h */; settings = {ATTRIBUTES = (Public, ); }; };
		2E4737731B65F60600E14CF7 /* MPUITableViewBinding.m in Sources */ = {isa = PBXBuildFile; fileRef = 2E4736EF1B65F60600E14CF7 /* MPUITableViewBinding.m */; };
		2E4737741B65F60600E14CF7 /* MPValueTransformers.h in Headers */ = {isa = PBXBuildFile; fileRef = 2E4736F01B65F60600E14CF7 /* MPValueTransformers.h */; settings = {ATTRIBUTES = (Public, ); }; };
		2E4737751B65F60600E14CF7 /* MPVariant.h in Headers */ = {isa = PBXBuildFile; fileRef = 2E4736F11B65F60600E14CF7 /* MPVariant.h */; settings = {ATTRIBUTES = (Public, ); }; };
		2E4737761B65F60600E14CF7 /* MPVariant.m in Sources */ = {isa = PBXBuildFile; fileRef = 2E4736F21B65F60600E14CF7 /* MPVariant.m */; };
		2E4737771B65F60600E14CF7 /* MPWebSocket.h in Headers */ = {isa = PBXBuildFile; fileRef = 2E4736F31B65F60600E14CF7 /* MPWebSocket.h */; settings = {ATTRIBUTES = (Public, ); }; };
		2E4737781B65F60600E14CF7 /* MPWebSocket.m in Sources */ = {isa = PBXBuildFile; fileRef = 2E4736F41B65F60600E14CF7 /* MPWebSocket.m */; };
		2E4737791B65F60600E14CF7 /* NSData+MPBase64.h in Headers */ = {isa = PBXBuildFile; fileRef = 2E4736F51B65F60600E14CF7 /* NSData+MPBase64.h */; settings = {ATTRIBUTES = (Public, ); }; };
		2E47377A1B65F60600E14CF7 /* NSData+MPBase64.m in Sources */ = {isa = PBXBuildFile; fileRef = 2E4736F61B65F60600E14CF7 /* NSData+MPBase64.m */; };
		2E47377B1B65F60600E14CF7 /* NSInvocation+MPHelpers.h in Headers */ = {isa = PBXBuildFile; fileRef = 2E4736F71B65F60600E14CF7 /* NSInvocation+MPHelpers.h */; settings = {ATTRIBUTES = (Public, ); }; };
		2E47377C1B65F60600E14CF7 /* NSInvocation+MPHelpers.m in Sources */ = {isa = PBXBuildFile; fileRef = 2E4736F81B65F60600E14CF7 /* NSInvocation+MPHelpers.m */; };
		2E47377D1B65F60600E14CF7 /* snapshot_config.json in Resources */ = {isa = PBXBuildFile; fileRef = 2E4736F91B65F60600E14CF7 /* snapshot_config.json */; };
		2E47377E1B65F60600E14CF7 /* test_variant.json in Resources */ = {isa = PBXBuildFile; fileRef = 2E4736FA1B65F60600E14CF7 /* test_variant.json */; };
		2E47377F1B65F60600E14CF7 /* UIColor+MPColor.h in Headers */ = {isa = PBXBuildFile; fileRef = 2E4736FB1B65F60600E14CF7 /* UIColor+MPColor.h */; settings = {ATTRIBUTES = (Public, ); }; };
		2E4737801B65F60600E14CF7 /* UIColor+MPColor.m in Sources */ = {isa = PBXBuildFile; fileRef = 2E4736FC1B65F60600E14CF7 /* UIColor+MPColor.m */; };
		2E4737811B65F60600E14CF7 /* UIImage+MPAverageColor.h in Headers */ = {isa = PBXBuildFile; fileRef = 2E4736FD1B65F60600E14CF7 /* UIImage+MPAverageColor.h */; settings = {ATTRIBUTES = (Public, ); }; };
		2E4737821B65F60600E14CF7 /* UIImage+MPAverageColor.m in Sources */ = {isa = PBXBuildFile; fileRef = 2E4736FE1B65F60600E14CF7 /* UIImage+MPAverageColor.m */; };
		2E4737831B65F60600E14CF7 /* UIImage+MPImageEffects.h in Headers */ = {isa = PBXBuildFile; fileRef = 2E4736FF1B65F60600E14CF7 /* UIImage+MPImageEffects.h */; settings = {ATTRIBUTES = (Public, ); }; };
		2E4737841B65F60600E14CF7 /* UIImage+MPImageEffects.m in Sources */ = {isa = PBXBuildFile; fileRef = 2E4737001B65F60600E14CF7 /* UIImage+MPImageEffects.m */; };
		2E4737851B65F60600E14CF7 /* UIView+MPHelpers.m in Sources */ = {isa = PBXBuildFile; fileRef = 2E4737011B65F60600E14CF7 /* UIView+MPHelpers.m */; };
		2E4737861B65F60600E14CF7 /* add-key.sh in Resources */ = {isa = PBXBuildFile; fileRef = 2E4737031B65F60600E14CF7 /* add-key.sh */; };
		2E4737871B65F60600E14CF7 /* dist.cer.enc in Resources */ = {isa = PBXBuildFile; fileRef = 2E4737051B65F60600E14CF7 /* dist.cer.enc */; };
		2E4737881B65F60600E14CF7 /* dist.p12.enc in Resources */ = {isa = PBXBuildFile; fileRef = 2E4737061B65F60600E14CF7 /* dist.p12.enc */; };
		2E4737891B65F60600E14CF7 /* HelloMixpanel_Ad_Hoc.mobileprovision.enc in Resources */ = {isa = PBXBuildFile; fileRef = 2E4737081B65F60600E14CF7 /* HelloMixpanel_Ad_Hoc.mobileprovision.enc */; };
		2E47378B1B65F83D00E14CF7 /* libicucore.dylib in Frameworks */ = {isa = PBXBuildFile; fileRef = 2E47378A1B65F83D00E14CF7 /* libicucore.dylib */; };
/* End PBXBuildFile section */

/* Begin PBXContainerItemProxy section */
		2E4736741B65F5C200E14CF7 /* PBXContainerItemProxy */ = {
			isa = PBXContainerItemProxy;
			containerPortal = 2E47365E1B65F5C200E14CF7 /* Project object */;
			proxyType = 1;
			remoteGlobalIDString = 2E4736661B65F5C200E14CF7;
			remoteInfo = MixPanel;
		};
/* End PBXContainerItemProxy section */

/* Begin PBXFileReference section */
		2E4736671B65F5C200E14CF7 /* MixPanel.framework */ = {isa = PBXFileReference; explicitFileType = wrapper.framework; includeInIndex = 0; path = MixPanel.framework; sourceTree = BUILT_PRODUCTS_DIR; };
		2E47366B1B65F5C200E14CF7 /* Info.plist */ = {isa = PBXFileReference; lastKnownFileType = text.plist.xml; path = Info.plist; sourceTree = "<group>"; };
		2E47366C1B65F5C200E14CF7 /* MixPanel.h */ = {isa = PBXFileReference; lastKnownFileType = sourcecode.c.h; path = MixPanel.h; sourceTree = "<group>"; };
		2E4736721B65F5C200E14CF7 /* MixPanelTests.xctest */ = {isa = PBXFileReference; explicitFileType = wrapper.cfbundle; includeInIndex = 0; path = MixPanelTests.xctest; sourceTree = BUILT_PRODUCTS_DIR; };
		2E4736781B65F5C200E14CF7 /* Info.plist */ = {isa = PBXFileReference; lastKnownFileType = text.plist.xml; path = Info.plist; sourceTree = "<group>"; };
		2E4736791B65F5C200E14CF7 /* MixPanelTests.swift */ = {isa = PBXFileReference; lastKnownFileType = sourcecode.swift; path = MixPanelTests.swift; sourceTree = "<group>"; };
		2E4736871B65F60600E14CF7 /* _MPTweakBindObserver.h */ = {isa = PBXFileReference; fileEncoding = 4; lastKnownFileType = sourcecode.c.h; path = _MPTweakBindObserver.h; sourceTree = "<group>"; };
		2E4736881B65F60600E14CF7 /* _MPTweakBindObserver.m */ = {isa = PBXFileReference; fileEncoding = 4; lastKnownFileType = sourcecode.c.objc; path = _MPTweakBindObserver.m; sourceTree = "<group>"; };
		2E4736891B65F60600E14CF7 /* Media.xcassets */ = {isa = PBXFileReference; lastKnownFileType = folder.assetcatalog; path = Media.xcassets; sourceTree = "<group>"; };
		2E47368A1B65F60600E14CF7 /* Mixpanel.h */ = {isa = PBXFileReference; fileEncoding = 4; lastKnownFileType = sourcecode.c.h; path = Mixpanel.h; sourceTree = "<group>"; };
		2E47368B1B65F60600E14CF7 /* Mixpanel.m */ = {isa = PBXFileReference; fileEncoding = 4; lastKnownFileType = sourcecode.c.objc; path = Mixpanel.m; sourceTree = "<group>"; };
		2E47368C1B65F60600E14CF7 /* MPAbstractABTestDesignerMessage.h */ = {isa = PBXFileReference; fileEncoding = 4; lastKnownFileType = sourcecode.c.h; path = MPAbstractABTestDesignerMessage.h; sourceTree = "<group>"; };
		2E47368D1B65F60600E14CF7 /* MPAbstractABTestDesignerMessage.m */ = {isa = PBXFileReference; fileEncoding = 4; lastKnownFileType = sourcecode.c.objc; path = MPAbstractABTestDesignerMessage.m; sourceTree = "<group>"; };
		2E47368E1B65F60600E14CF7 /* MPABTestDesignerChangeRequestMessage.h */ = {isa = PBXFileReference; fileEncoding = 4; lastKnownFileType = sourcecode.c.h; path = MPABTestDesignerChangeRequestMessage.h; sourceTree = "<group>"; };
		2E47368F1B65F60600E14CF7 /* MPABTestDesignerChangeRequestMessage.m */ = {isa = PBXFileReference; fileEncoding = 4; lastKnownFileType = sourcecode.c.objc; path = MPABTestDesignerChangeRequestMessage.m; sourceTree = "<group>"; };
		2E4736901B65F60600E14CF7 /* MPABTestDesignerChangeResponseMessage.h */ = {isa = PBXFileReference; fileEncoding = 4; lastKnownFileType = sourcecode.c.h; path = MPABTestDesignerChangeResponseMessage.h; sourceTree = "<group>"; };
		2E4736911B65F60600E14CF7 /* MPABTestDesignerChangeResponseMessage.m */ = {isa = PBXFileReference; fileEncoding = 4; lastKnownFileType = sourcecode.c.objc; path = MPABTestDesignerChangeResponseMessage.m; sourceTree = "<group>"; };
		2E4736921B65F60600E14CF7 /* MPABTestDesignerClearRequestMessage.h */ = {isa = PBXFileReference; fileEncoding = 4; lastKnownFileType = sourcecode.c.h; path = MPABTestDesignerClearRequestMessage.h; sourceTree = "<group>"; };
		2E4736931B65F60600E14CF7 /* MPABTestDesignerClearRequestMessage.m */ = {isa = PBXFileReference; fileEncoding = 4; lastKnownFileType = sourcecode.c.objc; path = MPABTestDesignerClearRequestMessage.m; sourceTree = "<group>"; };
		2E4736941B65F60600E14CF7 /* MPABTestDesignerClearResponseMessage.h */ = {isa = PBXFileReference; fileEncoding = 4; lastKnownFileType = sourcecode.c.h; path = MPABTestDesignerClearResponseMessage.h; sourceTree = "<group>"; };
		2E4736951B65F60600E14CF7 /* MPABTestDesignerClearResponseMessage.m */ = {isa = PBXFileReference; fileEncoding = 4; lastKnownFileType = sourcecode.c.objc; path = MPABTestDesignerClearResponseMessage.m; sourceTree = "<group>"; };
		2E4736961B65F60600E14CF7 /* MPABTestDesignerConnection.h */ = {isa = PBXFileReference; fileEncoding = 4; lastKnownFileType = sourcecode.c.h; path = MPABTestDesignerConnection.h; sourceTree = "<group>"; };
		2E4736971B65F60600E14CF7 /* MPABTestDesignerConnection.m */ = {isa = PBXFileReference; fileEncoding = 4; lastKnownFileType = sourcecode.c.objc; path = MPABTestDesignerConnection.m; sourceTree = "<group>"; };
		2E4736981B65F60600E14CF7 /* MPABTestDesignerDeviceInfoRequestMessage.h */ = {isa = PBXFileReference; fileEncoding = 4; lastKnownFileType = sourcecode.c.h; path = MPABTestDesignerDeviceInfoRequestMessage.h; sourceTree = "<group>"; };
		2E4736991B65F60600E14CF7 /* MPABTestDesignerDeviceInfoRequestMessage.m */ = {isa = PBXFileReference; fileEncoding = 4; lastKnownFileType = sourcecode.c.objc; path = MPABTestDesignerDeviceInfoRequestMessage.m; sourceTree = "<group>"; };
		2E47369A1B65F60600E14CF7 /* MPABTestDesignerDeviceInfoResponseMessage.h */ = {isa = PBXFileReference; fileEncoding = 4; lastKnownFileType = sourcecode.c.h; path = MPABTestDesignerDeviceInfoResponseMessage.h; sourceTree = "<group>"; };
		2E47369B1B65F60600E14CF7 /* MPABTestDesignerDeviceInfoResponseMessage.m */ = {isa = PBXFileReference; fileEncoding = 4; lastKnownFileType = sourcecode.c.objc; path = MPABTestDesignerDeviceInfoResponseMessage.m; sourceTree = "<group>"; };
		2E47369C1B65F60600E14CF7 /* MPABTestDesignerDisconnectMessage.h */ = {isa = PBXFileReference; fileEncoding = 4; lastKnownFileType = sourcecode.c.h; path = MPABTestDesignerDisconnectMessage.h; sourceTree = "<group>"; };
		2E47369D1B65F60600E14CF7 /* MPABTestDesignerDisconnectMessage.m */ = {isa = PBXFileReference; fileEncoding = 4; lastKnownFileType = sourcecode.c.objc; path = MPABTestDesignerDisconnectMessage.m; sourceTree = "<group>"; };
		2E47369E1B65F60600E14CF7 /* MPABTestDesignerMessage.h */ = {isa = PBXFileReference; fileEncoding = 4; lastKnownFileType = sourcecode.c.h; path = MPABTestDesignerMessage.h; sourceTree = "<group>"; };
		2E47369F1B65F60600E14CF7 /* MPABTestDesignerSnapshotRequestMessage.h */ = {isa = PBXFileReference; fileEncoding = 4; lastKnownFileType = sourcecode.c.h; path = MPABTestDesignerSnapshotRequestMessage.h; sourceTree = "<group>"; };
		2E4736A01B65F60600E14CF7 /* MPABTestDesignerSnapshotRequestMessage.m */ = {isa = PBXFileReference; fileEncoding = 4; lastKnownFileType = sourcecode.c.objc; path = MPABTestDesignerSnapshotRequestMessage.m; sourceTree = "<group>"; };
		2E4736A11B65F60600E14CF7 /* MPABTestDesignerSnapshotResponseMessage.h */ = {isa = PBXFileReference; fileEncoding = 4; lastKnownFileType = sourcecode.c.h; path = MPABTestDesignerSnapshotResponseMessage.h; sourceTree = "<group>"; };
		2E4736A21B65F60600E14CF7 /* MPABTestDesignerSnapshotResponseMessage.m */ = {isa = PBXFileReference; fileEncoding = 4; lastKnownFileType = sourcecode.c.objc; path = MPABTestDesignerSnapshotResponseMessage.m; sourceTree = "<group>"; };
		2E4736A31B65F60600E14CF7 /* MPABTestDesignerTweakRequestMessage.h */ = {isa = PBXFileReference; fileEncoding = 4; lastKnownFileType = sourcecode.c.h; path = MPABTestDesignerTweakRequestMessage.h; sourceTree = "<group>"; };
		2E4736A41B65F60600E14CF7 /* MPABTestDesignerTweakRequestMessage.m */ = {isa = PBXFileReference; fileEncoding = 4; lastKnownFileType = sourcecode.c.objc; path = MPABTestDesignerTweakRequestMessage.m; sourceTree = "<group>"; };
		2E4736A51B65F60600E14CF7 /* MPABTestDesignerTweakResponseMessage.h */ = {isa = PBXFileReference; fileEncoding = 4; lastKnownFileType = sourcecode.c.h; path = MPABTestDesignerTweakResponseMessage.h; sourceTree = "<group>"; };
		2E4736A61B65F60600E14CF7 /* MPABTestDesignerTweakResponseMessage.m */ = {isa = PBXFileReference; fileEncoding = 4; lastKnownFileType = sourcecode.c.objc; path = MPABTestDesignerTweakResponseMessage.m; sourceTree = "<group>"; };
		2E4736A71B65F60600E14CF7 /* MPApplicationStateSerializer.h */ = {isa = PBXFileReference; fileEncoding = 4; lastKnownFileType = sourcecode.c.h; path = MPApplicationStateSerializer.h; sourceTree = "<group>"; };
		2E4736A81B65F60600E14CF7 /* MPApplicationStateSerializer.m */ = {isa = PBXFileReference; fileEncoding = 4; lastKnownFileType = sourcecode.c.objc; path = MPApplicationStateSerializer.m; sourceTree = "<group>"; };
		2E4736A91B65F60600E14CF7 /* MPBOOLToNSNumberValueTransformer.m */ = {isa = PBXFileReference; fileEncoding = 4; lastKnownFileType = sourcecode.c.objc; path = MPBOOLToNSNumberValueTransformer.m; sourceTree = "<group>"; };
		2E4736AA1B65F60600E14CF7 /* MPCategoryHelpers.h */ = {isa = PBXFileReference; fileEncoding = 4; lastKnownFileType = sourcecode.c.h; path = MPCategoryHelpers.h; sourceTree = "<group>"; };
		2E4736AB1B65F60600E14CF7 /* MPCATransform3DToNSDictionaryValueTransformer.m */ = {isa = PBXFileReference; fileEncoding = 4; lastKnownFileType = sourcecode.c.objc; path = MPCATransform3DToNSDictionaryValueTransformer.m; sourceTree = "<group>"; };
		2E4736AC1B65F60600E14CF7 /* MPCGAffineTransformToNSDictionaryValueTransformer.m */ = {isa = PBXFileReference; fileEncoding = 4; lastKnownFileType = sourcecode.c.objc; path = MPCGAffineTransformToNSDictionaryValueTransformer.m; sourceTree = "<group>"; };
		2E4736AD1B65F60600E14CF7 /* MPCGColorRefToNSStringValueTransformer.m */ = {isa = PBXFileReference; fileEncoding = 4; lastKnownFileType = sourcecode.c.objc; path = MPCGColorRefToNSStringValueTransformer.m; sourceTree = "<group>"; };
		2E4736AE1B65F60600E14CF7 /* MPCGPointToNSDictionaryValueTransformer.m */ = {isa = PBXFileReference; fileEncoding = 4; lastKnownFileType = sourcecode.c.objc; path = MPCGPointToNSDictionaryValueTransformer.m; sourceTree = "<group>"; };
		2E4736AF1B65F60600E14CF7 /* MPCGRectToNSDictionaryValueTransformer.m */ = {isa = PBXFileReference; fileEncoding = 4; lastKnownFileType = sourcecode.c.objc; path = MPCGRectToNSDictionaryValueTransformer.m; sourceTree = "<group>"; };
		2E4736B01B65F60600E14CF7 /* MPCGSizeToNSDictionaryValueTransformer.m */ = {isa = PBXFileReference; fileEncoding = 4; lastKnownFileType = sourcecode.c.objc; path = MPCGSizeToNSDictionaryValueTransformer.m; sourceTree = "<group>"; };
		2E4736B11B65F60600E14CF7 /* MPClassDescription.h */ = {isa = PBXFileReference; fileEncoding = 4; lastKnownFileType = sourcecode.c.h; path = MPClassDescription.h; sourceTree = "<group>"; };
		2E4736B21B65F60600E14CF7 /* MPClassDescription.m */ = {isa = PBXFileReference; fileEncoding = 4; lastKnownFileType = sourcecode.c.objc; path = MPClassDescription.m; sourceTree = "<group>"; };
		2E4736B31B65F60600E14CF7 /* MPDesignerEventBindingMessage.h */ = {isa = PBXFileReference; fileEncoding = 4; lastKnownFileType = sourcecode.c.h; path = MPDesignerEventBindingMessage.h; sourceTree = "<group>"; };
		2E4736B41B65F60600E14CF7 /* MPDesignerEventBindingRequestMesssage.m */ = {isa = PBXFileReference; fileEncoding = 4; lastKnownFileType = sourcecode.c.objc; path = MPDesignerEventBindingRequestMesssage.m; sourceTree = "<group>"; };
		2E4736B51B65F60600E14CF7 /* MPDesignerEventBindingResponseMesssage.m */ = {isa = PBXFileReference; fileEncoding = 4; lastKnownFileType = sourcecode.c.objc; path = MPDesignerEventBindingResponseMesssage.m; sourceTree = "<group>"; };
		2E4736B61B65F60600E14CF7 /* MPDesignerSessionCollection.h */ = {isa = PBXFileReference; fileEncoding = 4; lastKnownFileType = sourcecode.c.h; path = MPDesignerSessionCollection.h; sourceTree = "<group>"; };
		2E4736B71B65F60600E14CF7 /* MPDesignerTrackMessage.m */ = {isa = PBXFileReference; fileEncoding = 4; lastKnownFileType = sourcecode.c.objc; path = MPDesignerTrackMessage.m; sourceTree = "<group>"; };
		2E4736B81B65F60600E14CF7 /* MPEnumDescription.h */ = {isa = PBXFileReference; fileEncoding = 4; lastKnownFileType = sourcecode.c.h; path = MPEnumDescription.h; sourceTree = "<group>"; };
		2E4736B91B65F60600E14CF7 /* MPEnumDescription.m */ = {isa = PBXFileReference; fileEncoding = 4; lastKnownFileType = sourcecode.c.objc; path = MPEnumDescription.m; sourceTree = "<group>"; };
		2E4736BA1B65F60600E14CF7 /* MPEventBinding.h */ = {isa = PBXFileReference; fileEncoding = 4; lastKnownFileType = sourcecode.c.h; path = MPEventBinding.h; sourceTree = "<group>"; };
		2E4736BB1B65F60600E14CF7 /* MPEventBinding.m */ = {isa = PBXFileReference; fileEncoding = 4; lastKnownFileType = sourcecode.c.objc; path = MPEventBinding.m; sourceTree = "<group>"; };
		2E4736BC1B65F60600E14CF7 /* MPLogger.h */ = {isa = PBXFileReference; fileEncoding = 4; lastKnownFileType = sourcecode.c.h; path = MPLogger.h; sourceTree = "<group>"; };
		2E4736BD1B65F60600E14CF7 /* MPNotification.h */ = {isa = PBXFileReference; fileEncoding = 4; lastKnownFileType = sourcecode.c.h; path = MPNotification.h; sourceTree = "<group>"; };
		2E4736BE1B65F60600E14CF7 /* MPNotification.m */ = {isa = PBXFileReference; fileEncoding = 4; lastKnownFileType = sourcecode.c.objc; path = MPNotification.m; sourceTree = "<group>"; };
		2E4736BF1B65F60600E14CF7 /* MPNotification.storyboard */ = {isa = PBXFileReference; fileEncoding = 4; lastKnownFileType = file.storyboard; path = MPNotification.storyboard; sourceTree = "<group>"; };
		2E4736C01B65F60600E14CF7 /* MPNotificationViewController.h */ = {isa = PBXFileReference; fileEncoding = 4; lastKnownFileType = sourcecode.c.h; path = MPNotificationViewController.h; sourceTree = "<group>"; };
		2E4736C11B65F60600E14CF7 /* MPNotificationViewController.m */ = {isa = PBXFileReference; fileEncoding = 4; lastKnownFileType = sourcecode.c.objc; path = MPNotificationViewController.m; sourceTree = "<group>"; };
		2E4736C21B65F60600E14CF7 /* MPNSAttributedStringToNSDictionaryValueTransformer.m */ = {isa = PBXFileReference; fileEncoding = 4; lastKnownFileType = sourcecode.c.objc; path = MPNSAttributedStringToNSDictionaryValueTransformer.m; sourceTree = "<group>"; };
		2E4736C31B65F60600E14CF7 /* MPNSNumberToCGFloatValueTransformer.m */ = {isa = PBXFileReference; fileEncoding = 4; lastKnownFileType = sourcecode.c.objc; path = MPNSNumberToCGFloatValueTransformer.m; sourceTree = "<group>"; };
		2E4736C41B65F60600E14CF7 /* MPObjectIdentifierProvider.h */ = {isa = PBXFileReference; fileEncoding = 4; lastKnownFileType = sourcecode.c.h; path = MPObjectIdentifierProvider.h; sourceTree = "<group>"; };
		2E4736C51B65F60600E14CF7 /* MPObjectIdentityProvider.h */ = {isa = PBXFileReference; fileEncoding = 4; lastKnownFileType = sourcecode.c.h; path = MPObjectIdentityProvider.h; sourceTree = "<group>"; };
		2E4736C61B65F60600E14CF7 /* MPObjectIdentityProvider.m */ = {isa = PBXFileReference; fileEncoding = 4; lastKnownFileType = sourcecode.c.objc; path = MPObjectIdentityProvider.m; sourceTree = "<group>"; };
		2E4736C71B65F60600E14CF7 /* MPObjectSelector.h */ = {isa = PBXFileReference; fileEncoding = 4; lastKnownFileType = sourcecode.c.h; path = MPObjectSelector.h; sourceTree = "<group>"; };
		2E4736C81B65F60600E14CF7 /* MPObjectSelector.m */ = {isa = PBXFileReference; fileEncoding = 4; lastKnownFileType = sourcecode.c.objc; path = MPObjectSelector.m; sourceTree = "<group>"; };
		2E4736C91B65F60600E14CF7 /* MPObjectSerializer.h */ = {isa = PBXFileReference; fileEncoding = 4; lastKnownFileType = sourcecode.c.h; path = MPObjectSerializer.h; sourceTree = "<group>"; };
		2E4736CA1B65F60600E14CF7 /* MPObjectSerializer.m */ = {isa = PBXFileReference; fileEncoding = 4; lastKnownFileType = sourcecode.c.objc; path = MPObjectSerializer.m; sourceTree = "<group>"; };
		2E4736CB1B65F60600E14CF7 /* MPObjectSerializerConfig.h */ = {isa = PBXFileReference; fileEncoding = 4; lastKnownFileType = sourcecode.c.h; path = MPObjectSerializerConfig.h; sourceTree = "<group>"; };
		2E4736CC1B65F60600E14CF7 /* MPObjectSerializerConfig.m */ = {isa = PBXFileReference; fileEncoding = 4; lastKnownFileType = sourcecode.c.objc; path = MPObjectSerializerConfig.m; sourceTree = "<group>"; };
		2E4736CD1B65F60600E14CF7 /* MPObjectSerializerContext.h */ = {isa = PBXFileReference; fileEncoding = 4; lastKnownFileType = sourcecode.c.h; path = MPObjectSerializerContext.h; sourceTree = "<group>"; };
		2E4736CE1B65F60600E14CF7 /* MPObjectSerializerContext.m */ = {isa = PBXFileReference; fileEncoding = 4; lastKnownFileType = sourcecode.c.objc; path = MPObjectSerializerContext.m; sourceTree = "<group>"; };
		2E4736CF1B65F60600E14CF7 /* MPPassThroughValueTransformer.m */ = {isa = PBXFileReference; fileEncoding = 4; lastKnownFileType = sourcecode.c.objc; path = MPPassThroughValueTransformer.m; sourceTree = "<group>"; };
		2E4736D01B65F60600E14CF7 /* MPPropertyDescription.h */ = {isa = PBXFileReference; fileEncoding = 4; lastKnownFileType = sourcecode.c.h; path = MPPropertyDescription.h; sourceTree = "<group>"; };
		2E4736D11B65F60600E14CF7 /* MPPropertyDescription.m */ = {isa = PBXFileReference; fileEncoding = 4; lastKnownFileType = sourcecode.c.objc; path = MPPropertyDescription.m; sourceTree = "<group>"; };
		2E4736D21B65F60600E14CF7 /* MPSequenceGenerator.h */ = {isa = PBXFileReference; fileEncoding = 4; lastKnownFileType = sourcecode.c.h; path = MPSequenceGenerator.h; sourceTree = "<group>"; };
		2E4736D31B65F60600E14CF7 /* MPSequenceGenerator.m */ = {isa = PBXFileReference; fileEncoding = 4; lastKnownFileType = sourcecode.c.objc; path = MPSequenceGenerator.m; sourceTree = "<group>"; };
		2E4736D41B65F60600E14CF7 /* MPSurvey.h */ = {isa = PBXFileReference; fileEncoding = 4; lastKnownFileType = sourcecode.c.h; path = MPSurvey.h; sourceTree = "<group>"; };
		2E4736D51B65F60600E14CF7 /* MPSurvey.m */ = {isa = PBXFileReference; fileEncoding = 4; lastKnownFileType = sourcecode.c.objc; path = MPSurvey.m; sourceTree = "<group>"; };
		2E4736D61B65F60600E14CF7 /* MPSurvey.storyboard */ = {isa = PBXFileReference; fileEncoding = 4; lastKnownFileType = file.storyboard; path = MPSurvey.storyboard; sourceTree = "<group>"; };
		2E4736D71B65F60600E14CF7 /* MPSurveyNavigationController.h */ = {isa = PBXFileReference; fileEncoding = 4; lastKnownFileType = sourcecode.c.h; path = MPSurveyNavigationController.h; sourceTree = "<group>"; };
		2E4736D81B65F60600E14CF7 /* MPSurveyNavigationController.m */ = {isa = PBXFileReference; fileEncoding = 4; lastKnownFileType = sourcecode.c.objc; path = MPSurveyNavigationController.m; sourceTree = "<group>"; };
		2E4736D91B65F60600E14CF7 /* MPSurveyQuestion.h */ = {isa = PBXFileReference; fileEncoding = 4; lastKnownFileType = sourcecode.c.h; path = MPSurveyQuestion.h; sourceTree = "<group>"; };
		2E4736DA1B65F60600E14CF7 /* MPSurveyQuestion.m */ = {isa = PBXFileReference; fileEncoding = 4; lastKnownFileType = sourcecode.c.objc; path = MPSurveyQuestion.m; sourceTree = "<group>"; };
		2E4736DB1B65F60600E14CF7 /* MPSurveyQuestionViewController.h */ = {isa = PBXFileReference; fileEncoding = 4; lastKnownFileType = sourcecode.c.h; path = MPSurveyQuestionViewController.h; sourceTree = "<group>"; };
		2E4736DC1B65F60600E14CF7 /* MPSurveyQuestionViewController.m */ = {isa = PBXFileReference; fileEncoding = 4; lastKnownFileType = sourcecode.c.objc; path = MPSurveyQuestionViewController.m; sourceTree = "<group>"; };
		2E4736DD1B65F60600E14CF7 /* MPSwizzler.h */ = {isa = PBXFileReference; fileEncoding = 4; lastKnownFileType = sourcecode.c.h; path = MPSwizzler.h; sourceTree = "<group>"; };
		2E4736DE1B65F60600E14CF7 /* MPSwizzler.m */ = {isa = PBXFileReference; fileEncoding = 4; lastKnownFileType = sourcecode.c.objc; path = MPSwizzler.m; sourceTree = "<group>"; };
		2E4736DF1B65F60600E14CF7 /* MPTweak.h */ = {isa = PBXFileReference; fileEncoding = 4; lastKnownFileType = sourcecode.c.h; path = MPTweak.h; sourceTree = "<group>"; };
		2E4736E01B65F60600E14CF7 /* MPTweak.m */ = {isa = PBXFileReference; fileEncoding = 4; lastKnownFileType = sourcecode.c.objc; path = MPTweak.m; sourceTree = "<group>"; };
		2E4736E11B65F60600E14CF7 /* MPTweakInline.h */ = {isa = PBXFileReference; fileEncoding = 4; lastKnownFileType = sourcecode.c.h; path = MPTweakInline.h; sourceTree = "<group>"; };
		2E4736E21B65F60600E14CF7 /* MPTweakInline.m */ = {isa = PBXFileReference; fileEncoding = 4; lastKnownFileType = sourcecode.c.objc; path = MPTweakInline.m; sourceTree = "<group>"; };
		2E4736E31B65F60600E14CF7 /* MPTweakInlineInternal.h */ = {isa = PBXFileReference; fileEncoding = 4; lastKnownFileType = sourcecode.c.h; path = MPTweakInlineInternal.h; sourceTree = "<group>"; };
		2E4736E41B65F60600E14CF7 /* MPTweakStore.h */ = {isa = PBXFileReference; fileEncoding = 4; lastKnownFileType = sourcecode.c.h; path = MPTweakStore.h; sourceTree = "<group>"; };
		2E4736E51B65F60600E14CF7 /* MPTweakStore.m */ = {isa = PBXFileReference; fileEncoding = 4; lastKnownFileType = sourcecode.c.objc; path = MPTweakStore.m; sourceTree = "<group>"; };
		2E4736E61B65F60600E14CF7 /* MPTypeDescription.h */ = {isa = PBXFileReference; fileEncoding = 4; lastKnownFileType = sourcecode.c.h; path = MPTypeDescription.h; sourceTree = "<group>"; };
		2E4736E71B65F60600E14CF7 /* MPTypeDescription.m */ = {isa = PBXFileReference; fileEncoding = 4; lastKnownFileType = sourcecode.c.objc; path = MPTypeDescription.m; sourceTree = "<group>"; };
		2E4736E81B65F60600E14CF7 /* MPUIColorToNSStringValueTransformer.m */ = {isa = PBXFileReference; fileEncoding = 4; lastKnownFileType = sourcecode.c.objc; path = MPUIColorToNSStringValueTransformer.m; sourceTree = "<group>"; };
		2E4736E91B65F60600E14CF7 /* MPUIControlBinding.h */ = {isa = PBXFileReference; fileEncoding = 4; lastKnownFileType = sourcecode.c.h; path = MPUIControlBinding.h; sourceTree = "<group>"; };
		2E4736EA1B65F60600E14CF7 /* MPUIControlBinding.m */ = {isa = PBXFileReference; fileEncoding = 4; lastKnownFileType = sourcecode.c.objc; path = MPUIControlBinding.m; sourceTree = "<group>"; };
		2E4736EB1B65F60600E14CF7 /* MPUIEdgeInsetsToNSDictionaryValueTransformer.m */ = {isa = PBXFileReference; fileEncoding = 4; lastKnownFileType = sourcecode.c.objc; path = MPUIEdgeInsetsToNSDictionaryValueTransformer.m; sourceTree = "<group>"; };
		2E4736EC1B65F60600E14CF7 /* MPUIFontToNSDictionaryValueTransformer.m */ = {isa = PBXFileReference; fileEncoding = 4; lastKnownFileType = sourcecode.c.objc; path = MPUIFontToNSDictionaryValueTransformer.m; sourceTree = "<group>"; };
		2E4736ED1B65F60600E14CF7 /* MPUIImageToNSDictionaryValueTransformer.m */ = {isa = PBXFileReference; fileEncoding = 4; lastKnownFileType = sourcecode.c.objc; path = MPUIImageToNSDictionaryValueTransformer.m; sourceTree = "<group>"; };
		2E4736EE1B65F60600E14CF7 /* MPUITableViewBinding.h */ = {isa = PBXFileReference; fileEncoding = 4; lastKnownFileType = sourcecode.c.h; path = MPUITableViewBinding.h; sourceTree = "<group>"; };
		2E4736EF1B65F60600E14CF7 /* MPUITableViewBinding.m */ = {isa = PBXFileReference; fileEncoding = 4; lastKnownFileType = sourcecode.c.objc; path = MPUITableViewBinding.m; sourceTree = "<group>"; };
		2E4736F01B65F60600E14CF7 /* MPValueTransformers.h */ = {isa = PBXFileReference; fileEncoding = 4; lastKnownFileType = sourcecode.c.h; path = MPValueTransformers.h; sourceTree = "<group>"; };
		2E4736F11B65F60600E14CF7 /* MPVariant.h */ = {isa = PBXFileReference; fileEncoding = 4; lastKnownFileType = sourcecode.c.h; path = MPVariant.h; sourceTree = "<group>"; };
		2E4736F21B65F60600E14CF7 /* MPVariant.m */ = {isa = PBXFileReference; fileEncoding = 4; lastKnownFileType = sourcecode.c.objc; path = MPVariant.m; sourceTree = "<group>"; };
		2E4736F31B65F60600E14CF7 /* MPWebSocket.h */ = {isa = PBXFileReference; fileEncoding = 4; lastKnownFileType = sourcecode.c.h; path = MPWebSocket.h; sourceTree = "<group>"; };
		2E4736F41B65F60600E14CF7 /* MPWebSocket.m */ = {isa = PBXFileReference; fileEncoding = 4; lastKnownFileType = sourcecode.c.objc; path = MPWebSocket.m; sourceTree = "<group>"; };
		2E4736F51B65F60600E14CF7 /* NSData+MPBase64.h */ = {isa = PBXFileReference; fileEncoding = 4; lastKnownFileType = sourcecode.c.h; path = "NSData+MPBase64.h"; sourceTree = "<group>"; };
		2E4736F61B65F60600E14CF7 /* NSData+MPBase64.m */ = {isa = PBXFileReference; fileEncoding = 4; lastKnownFileType = sourcecode.c.objc; path = "NSData+MPBase64.m"; sourceTree = "<group>"; };
		2E4736F71B65F60600E14CF7 /* NSInvocation+MPHelpers.h */ = {isa = PBXFileReference; fileEncoding = 4; lastKnownFileType = sourcecode.c.h; path = "NSInvocation+MPHelpers.h"; sourceTree = "<group>"; };
		2E4736F81B65F60600E14CF7 /* NSInvocation+MPHelpers.m */ = {isa = PBXFileReference; fileEncoding = 4; lastKnownFileType = sourcecode.c.objc; path = "NSInvocation+MPHelpers.m"; sourceTree = "<group>"; };
		2E4736F91B65F60600E14CF7 /* snapshot_config.json */ = {isa = PBXFileReference; fileEncoding = 4; lastKnownFileType = text.json; path = snapshot_config.json; sourceTree = "<group>"; };
		2E4736FA1B65F60600E14CF7 /* test_variant.json */ = {isa = PBXFileReference; fileEncoding = 4; lastKnownFileType = text.json; path = test_variant.json; sourceTree = "<group>"; };
		2E4736FB1B65F60600E14CF7 /* UIColor+MPColor.h */ = {isa = PBXFileReference; fileEncoding = 4; lastKnownFileType = sourcecode.c.h; path = "UIColor+MPColor.h"; sourceTree = "<group>"; };
		2E4736FC1B65F60600E14CF7 /* UIColor+MPColor.m */ = {isa = PBXFileReference; fileEncoding = 4; lastKnownFileType = sourcecode.c.objc; path = "UIColor+MPColor.m"; sourceTree = "<group>"; };
		2E4736FD1B65F60600E14CF7 /* UIImage+MPAverageColor.h */ = {isa = PBXFileReference; fileEncoding = 4; lastKnownFileType = sourcecode.c.h; path = "UIImage+MPAverageColor.h"; sourceTree = "<group>"; };
		2E4736FE1B65F60600E14CF7 /* UIImage+MPAverageColor.m */ = {isa = PBXFileReference; fileEncoding = 4; lastKnownFileType = sourcecode.c.objc; path = "UIImage+MPAverageColor.m"; sourceTree = "<group>"; };
		2E4736FF1B65F60600E14CF7 /* UIImage+MPImageEffects.h */ = {isa = PBXFileReference; fileEncoding = 4; lastKnownFileType = sourcecode.c.h; path = "UIImage+MPImageEffects.h"; sourceTree = "<group>"; };
		2E4737001B65F60600E14CF7 /* UIImage+MPImageEffects.m */ = {isa = PBXFileReference; fileEncoding = 4; lastKnownFileType = sourcecode.c.objc; path = "UIImage+MPImageEffects.m"; sourceTree = "<group>"; };
		2E4737011B65F60600E14CF7 /* UIView+MPHelpers.m */ = {isa = PBXFileReference; fileEncoding = 4; lastKnownFileType = sourcecode.c.objc; path = "UIView+MPHelpers.m"; sourceTree = "<group>"; };
		2E4737031B65F60600E14CF7 /* add-key.sh */ = {isa = PBXFileReference; fileEncoding = 4; lastKnownFileType = text.script.sh; path = "add-key.sh"; sourceTree = "<group>"; };
		2E4737051B65F60600E14CF7 /* dist.cer.enc */ = {isa = PBXFileReference; fileEncoding = 4; lastKnownFileType = text; path = dist.cer.enc; sourceTree = "<group>"; };
		2E4737061B65F60600E14CF7 /* dist.p12.enc */ = {isa = PBXFileReference; fileEncoding = 4; lastKnownFileType = text; path = dist.p12.enc; sourceTree = "<group>"; };
		2E4737081B65F60600E14CF7 /* HelloMixpanel_Ad_Hoc.mobileprovision.enc */ = {isa = PBXFileReference; fileEncoding = 4; lastKnownFileType = text; path = HelloMixpanel_Ad_Hoc.mobileprovision.enc; sourceTree = "<group>"; };
		2E47378A1B65F83D00E14CF7 /* libicucore.dylib */ = {isa = PBXFileReference; lastKnownFileType = "compiled.mach-o.dylib"; name = libicucore.dylib; path = usr/lib/libicucore.dylib; sourceTree = SDKROOT; };
/* End PBXFileReference section */

/* Begin PBXFrameworksBuildPhase section */
		2E4736631B65F5C200E14CF7 /* Frameworks */ = {
			isa = PBXFrameworksBuildPhase;
			buildActionMask = 2147483647;
			files = (
				2E47378B1B65F83D00E14CF7 /* libicucore.dylib in Frameworks */,
			);
			runOnlyForDeploymentPostprocessing = 0;
		};
		2E47366F1B65F5C200E14CF7 /* Frameworks */ = {
			isa = PBXFrameworksBuildPhase;
			buildActionMask = 2147483647;
			files = (
				2E4736731B65F5C200E14CF7 /* MixPanel.framework in Frameworks */,
			);
			runOnlyForDeploymentPostprocessing = 0;
		};
/* End PBXFrameworksBuildPhase section */

/* Begin PBXGroup section */
		2E47365D1B65F5C200E14CF7 = {
			isa = PBXGroup;
			children = (
				2E47378A1B65F83D00E14CF7 /* libicucore.dylib */,
				2E4736691B65F5C200E14CF7 /* MixPanel */,
				2E4736761B65F5C200E14CF7 /* MixPanelTests */,
				2E4736681B65F5C200E14CF7 /* Products */,
			);
			sourceTree = "<group>";
		};
		2E4736681B65F5C200E14CF7 /* Products */ = {
			isa = PBXGroup;
			children = (
				2E4736671B65F5C200E14CF7 /* MixPanel.framework */,
				2E4736721B65F5C200E14CF7 /* MixPanelTests.xctest */,
			);
			name = Products;
			sourceTree = "<group>";
		};
		2E4736691B65F5C200E14CF7 /* MixPanel */ = {
			isa = PBXGroup;
			children = (
				2E4736831B65F60600E14CF7 /* mixpanel-src */,
				2E47366C1B65F5C200E14CF7 /* MixPanel.h */,
				2E47366A1B65F5C200E14CF7 /* Supporting Files */,
			);
			path = MixPanel;
			sourceTree = "<group>";
		};
		2E47366A1B65F5C200E14CF7 /* Supporting Files */ = {
			isa = PBXGroup;
			children = (
				2E47366B1B65F5C200E14CF7 /* Info.plist */,
			);
			name = "Supporting Files";
			sourceTree = "<group>";
		};
		2E4736761B65F5C200E14CF7 /* MixPanelTests */ = {
			isa = PBXGroup;
			children = (
				2E4736791B65F5C200E14CF7 /* MixPanelTests.swift */,
				2E4736771B65F5C200E14CF7 /* Supporting Files */,
			);
			path = MixPanelTests;
			sourceTree = "<group>";
		};
		2E4736771B65F5C200E14CF7 /* Supporting Files */ = {
			isa = PBXGroup;
			children = (
				2E4736781B65F5C200E14CF7 /* Info.plist */,
			);
			name = "Supporting Files";
			sourceTree = "<group>";
		};
		2E4736831B65F60600E14CF7 /* mixpanel-src */ = {
			isa = PBXGroup;
			children = (
				2E4736861B65F60600E14CF7 /* Mixpanel */,
				2E4737021B65F60600E14CF7 /* scripts */,
			);
			name = "mixpanel-src";
			path = "../../mixpanel-src";
			sourceTree = "<group>";
		};
		2E4736861B65F60600E14CF7 /* Mixpanel */ = {
			isa = PBXGroup;
			children = (
				2E4736871B65F60600E14CF7 /* _MPTweakBindObserver.h */,
				2E4736881B65F60600E14CF7 /* _MPTweakBindObserver.m */,
				2E4736891B65F60600E14CF7 /* Media.xcassets */,
				2E47368A1B65F60600E14CF7 /* Mixpanel.h */,
				2E47368B1B65F60600E14CF7 /* Mixpanel.m */,
				2E47368C1B65F60600E14CF7 /* MPAbstractABTestDesignerMessage.h */,
				2E47368D1B65F60600E14CF7 /* MPAbstractABTestDesignerMessage.m */,
				2E47368E1B65F60600E14CF7 /* MPABTestDesignerChangeRequestMessage.h */,
				2E47368F1B65F60600E14CF7 /* MPABTestDesignerChangeRequestMessage.m */,
				2E4736901B65F60600E14CF7 /* MPABTestDesignerChangeResponseMessage.h */,
				2E4736911B65F60600E14CF7 /* MPABTestDesignerChangeResponseMessage.m */,
				2E4736921B65F60600E14CF7 /* MPABTestDesignerClearRequestMessage.h */,
				2E4736931B65F60600E14CF7 /* MPABTestDesignerClearRequestMessage.m */,
				2E4736941B65F60600E14CF7 /* MPABTestDesignerClearResponseMessage.h */,
				2E4736951B65F60600E14CF7 /* MPABTestDesignerClearResponseMessage.m */,
				2E4736961B65F60600E14CF7 /* MPABTestDesignerConnection.h */,
				2E4736971B65F60600E14CF7 /* MPABTestDesignerConnection.m */,
				2E4736981B65F60600E14CF7 /* MPABTestDesignerDeviceInfoRequestMessage.h */,
				2E4736991B65F60600E14CF7 /* MPABTestDesignerDeviceInfoRequestMessage.m */,
				2E47369A1B65F60600E14CF7 /* MPABTestDesignerDeviceInfoResponseMessage.h */,
				2E47369B1B65F60600E14CF7 /* MPABTestDesignerDeviceInfoResponseMessage.m */,
				2E47369C1B65F60600E14CF7 /* MPABTestDesignerDisconnectMessage.h */,
				2E47369D1B65F60600E14CF7 /* MPABTestDesignerDisconnectMessage.m */,
				2E47369E1B65F60600E14CF7 /* MPABTestDesignerMessage.h */,
				2E47369F1B65F60600E14CF7 /* MPABTestDesignerSnapshotRequestMessage.h */,
				2E4736A01B65F60600E14CF7 /* MPABTestDesignerSnapshotRequestMessage.m */,
				2E4736A11B65F60600E14CF7 /* MPABTestDesignerSnapshotResponseMessage.h */,
				2E4736A21B65F60600E14CF7 /* MPABTestDesignerSnapshotResponseMessage.m */,
				2E4736A31B65F60600E14CF7 /* MPABTestDesignerTweakRequestMessage.h */,
				2E4736A41B65F60600E14CF7 /* MPABTestDesignerTweakRequestMessage.m */,
				2E4736A51B65F60600E14CF7 /* MPABTestDesignerTweakResponseMessage.h */,
				2E4736A61B65F60600E14CF7 /* MPABTestDesignerTweakResponseMessage.m */,
				2E4736A71B65F60600E14CF7 /* MPApplicationStateSerializer.h */,
				2E4736A81B65F60600E14CF7 /* MPApplicationStateSerializer.m */,
				2E4736A91B65F60600E14CF7 /* MPBOOLToNSNumberValueTransformer.m */,
				2E4736AA1B65F60600E14CF7 /* MPCategoryHelpers.h */,
				2E4736AB1B65F60600E14CF7 /* MPCATransform3DToNSDictionaryValueTransformer.m */,
				2E4736AC1B65F60600E14CF7 /* MPCGAffineTransformToNSDictionaryValueTransformer.m */,
				2E4736AD1B65F60600E14CF7 /* MPCGColorRefToNSStringValueTransformer.m */,
				2E4736AE1B65F60600E14CF7 /* MPCGPointToNSDictionaryValueTransformer.m */,
				2E4736AF1B65F60600E14CF7 /* MPCGRectToNSDictionaryValueTransformer.m */,
				2E4736B01B65F60600E14CF7 /* MPCGSizeToNSDictionaryValueTransformer.m */,
				2E4736B11B65F60600E14CF7 /* MPClassDescription.h */,
				2E4736B21B65F60600E14CF7 /* MPClassDescription.m */,
				2E4736B31B65F60600E14CF7 /* MPDesignerEventBindingMessage.h */,
				2E4736B41B65F60600E14CF7 /* MPDesignerEventBindingRequestMesssage.m */,
				2E4736B51B65F60600E14CF7 /* MPDesignerEventBindingResponseMesssage.m */,
				2E4736B61B65F60600E14CF7 /* MPDesignerSessionCollection.h */,
				2E4736B71B65F60600E14CF7 /* MPDesignerTrackMessage.m */,
				2E4736B81B65F60600E14CF7 /* MPEnumDescription.h */,
				2E4736B91B65F60600E14CF7 /* MPEnumDescription.m */,
				2E4736BA1B65F60600E14CF7 /* MPEventBinding.h */,
				2E4736BB1B65F60600E14CF7 /* MPEventBinding.m */,
				2E4736BC1B65F60600E14CF7 /* MPLogger.h */,
				2E4736BD1B65F60600E14CF7 /* MPNotification.h */,
				2E4736BE1B65F60600E14CF7 /* MPNotification.m */,
				2E4736BF1B65F60600E14CF7 /* MPNotification.storyboard */,
				2E4736C01B65F60600E14CF7 /* MPNotificationViewController.h */,
				2E4736C11B65F60600E14CF7 /* MPNotificationViewController.m */,
				2E4736C21B65F60600E14CF7 /* MPNSAttributedStringToNSDictionaryValueTransformer.m */,
				2E4736C31B65F60600E14CF7 /* MPNSNumberToCGFloatValueTransformer.m */,
				2E4736C41B65F60600E14CF7 /* MPObjectIdentifierProvider.h */,
				2E4736C51B65F60600E14CF7 /* MPObjectIdentityProvider.h */,
				2E4736C61B65F60600E14CF7 /* MPObjectIdentityProvider.m */,
				2E4736C71B65F60600E14CF7 /* MPObjectSelector.h */,
				2E4736C81B65F60600E14CF7 /* MPObjectSelector.m */,
				2E4736C91B65F60600E14CF7 /* MPObjectSerializer.h */,
				2E4736CA1B65F60600E14CF7 /* MPObjectSerializer.m */,
				2E4736CB1B65F60600E14CF7 /* MPObjectSerializerConfig.h */,
				2E4736CC1B65F60600E14CF7 /* MPObjectSerializerConfig.m */,
				2E4736CD1B65F60600E14CF7 /* MPObjectSerializerContext.h */,
				2E4736CE1B65F60600E14CF7 /* MPObjectSerializerContext.m */,
				2E4736CF1B65F60600E14CF7 /* MPPassThroughValueTransformer.m */,
				2E4736D01B65F60600E14CF7 /* MPPropertyDescription.h */,
				2E4736D11B65F60600E14CF7 /* MPPropertyDescription.m */,
				2E4736D21B65F60600E14CF7 /* MPSequenceGenerator.h */,
				2E4736D31B65F60600E14CF7 /* MPSequenceGenerator.m */,
				2E4736D41B65F60600E14CF7 /* MPSurvey.h */,
				2E4736D51B65F60600E14CF7 /* MPSurvey.m */,
				2E4736D61B65F60600E14CF7 /* MPSurvey.storyboard */,
				2E4736D71B65F60600E14CF7 /* MPSurveyNavigationController.h */,
				2E4736D81B65F60600E14CF7 /* MPSurveyNavigationController.m */,
				2E4736D91B65F60600E14CF7 /* MPSurveyQuestion.h */,
				2E4736DA1B65F60600E14CF7 /* MPSurveyQuestion.m */,
				2E4736DB1B65F60600E14CF7 /* MPSurveyQuestionViewController.h */,
				2E4736DC1B65F60600E14CF7 /* MPSurveyQuestionViewController.m */,
				2E4736DD1B65F60600E14CF7 /* MPSwizzler.h */,
				2E4736DE1B65F60600E14CF7 /* MPSwizzler.m */,
				2E4736DF1B65F60600E14CF7 /* MPTweak.h */,
				2E4736E01B65F60600E14CF7 /* MPTweak.m */,
				2E4736E11B65F60600E14CF7 /* MPTweakInline.h */,
				2E4736E21B65F60600E14CF7 /* MPTweakInline.m */,
				2E4736E31B65F60600E14CF7 /* MPTweakInlineInternal.h */,
				2E4736E41B65F60600E14CF7 /* MPTweakStore.h */,
				2E4736E51B65F60600E14CF7 /* MPTweakStore.m */,
				2E4736E61B65F60600E14CF7 /* MPTypeDescription.h */,
				2E4736E71B65F60600E14CF7 /* MPTypeDescription.m */,
				2E4736E81B65F60600E14CF7 /* MPUIColorToNSStringValueTransformer.m */,
				2E4736E91B65F60600E14CF7 /* MPUIControlBinding.h */,
				2E4736EA1B65F60600E14CF7 /* MPUIControlBinding.m */,
				2E4736EB1B65F60600E14CF7 /* MPUIEdgeInsetsToNSDictionaryValueTransformer.m */,
				2E4736EC1B65F60600E14CF7 /* MPUIFontToNSDictionaryValueTransformer.m */,
				2E4736ED1B65F60600E14CF7 /* MPUIImageToNSDictionaryValueTransformer.m */,
				2E4736EE1B65F60600E14CF7 /* MPUITableViewBinding.h */,
				2E4736EF1B65F60600E14CF7 /* MPUITableViewBinding.m */,
				2E4736F01B65F60600E14CF7 /* MPValueTransformers.h */,
				2E4736F11B65F60600E14CF7 /* MPVariant.h */,
				2E4736F21B65F60600E14CF7 /* MPVariant.m */,
				2E4736F31B65F60600E14CF7 /* MPWebSocket.h */,
				2E4736F41B65F60600E14CF7 /* MPWebSocket.m */,
				2E4736F51B65F60600E14CF7 /* NSData+MPBase64.h */,
				2E4736F61B65F60600E14CF7 /* NSData+MPBase64.m */,
				2E4736F71B65F60600E14CF7 /* NSInvocation+MPHelpers.h */,
				2E4736F81B65F60600E14CF7 /* NSInvocation+MPHelpers.m */,
				2E4736F91B65F60600E14CF7 /* snapshot_config.json */,
				2E4736FA1B65F60600E14CF7 /* test_variant.json */,
				2E4736FB1B65F60600E14CF7 /* UIColor+MPColor.h */,
				2E4736FC1B65F60600E14CF7 /* UIColor+MPColor.m */,
				2E4736FD1B65F60600E14CF7 /* UIImage+MPAverageColor.h */,
				2E4736FE1B65F60600E14CF7 /* UIImage+MPAverageColor.m */,
				2E4736FF1B65F60600E14CF7 /* UIImage+MPImageEffects.h */,
				2E4737001B65F60600E14CF7 /* UIImage+MPImageEffects.m */,
				2E4737011B65F60600E14CF7 /* UIView+MPHelpers.m */,
			);
			path = Mixpanel;
			sourceTree = "<group>";
		};
		2E4737021B65F60600E14CF7 /* scripts */ = {
			isa = PBXGroup;
			children = (
				2E4737031B65F60600E14CF7 /* add-key.sh */,
				2E4737041B65F60600E14CF7 /* certs */,
				2E4737071B65F60600E14CF7 /* profile */,
			);
			path = scripts;
			sourceTree = "<group>";
		};
		2E4737041B65F60600E14CF7 /* certs */ = {
			isa = PBXGroup;
			children = (
				2E4737051B65F60600E14CF7 /* dist.cer.enc */,
				2E4737061B65F60600E14CF7 /* dist.p12.enc */,
			);
			path = certs;
			sourceTree = "<group>";
		};
		2E4737071B65F60600E14CF7 /* profile */ = {
			isa = PBXGroup;
			children = (
				2E4737081B65F60600E14CF7 /* HelloMixpanel_Ad_Hoc.mobileprovision.enc */,
			);
			path = profile;
			sourceTree = "<group>";
		};
/* End PBXGroup section */

/* Begin PBXHeadersBuildPhase section */
		2E4736641B65F5C200E14CF7 /* Headers */ = {
			isa = PBXHeadersBuildPhase;
			buildActionMask = 2147483647;
			files = (
				2E4737401B65F60600E14CF7 /* MPLogger.h in Headers */,
				2E4737181B65F60600E14CF7 /* MPABTestDesignerClearResponseMessage.h in Headers */,
				2E47377F1B65F60600E14CF7 /* UIColor+MPColor.h in Headers */,
				2E47375F1B65F60600E14CF7 /* MPSurveyQuestionViewController.h in Headers */,
				2E4737751B65F60600E14CF7 /* MPVariant.h in Headers */,
				2E47371E1B65F60600E14CF7 /* MPABTestDesignerDeviceInfoResponseMessage.h in Headers */,
				2E47370E1B65F60600E14CF7 /* Mixpanel.h in Headers */,
				2E47371A1B65F60600E14CF7 /* MPABTestDesignerConnection.h in Headers */,
				2E47372E1B65F60600E14CF7 /* MPCategoryHelpers.h in Headers */,
				2E4737351B65F60600E14CF7 /* MPClassDescription.h in Headers */,
				2E4737251B65F60600E14CF7 /* MPABTestDesignerSnapshotResponseMessage.h in Headers */,
				2E4737221B65F60600E14CF7 /* MPABTestDesignerMessage.h in Headers */,
				2E4737371B65F60600E14CF7 /* MPDesignerEventBindingMessage.h in Headers */,
				2E47373A1B65F60600E14CF7 /* MPDesignerSessionCollection.h in Headers */,
				2E4737631B65F60600E14CF7 /* MPTweak.h in Headers */,
				2E4737441B65F60600E14CF7 /* MPNotificationViewController.h in Headers */,
				2E4737721B65F60600E14CF7 /* MPUITableViewBinding.h in Headers */,
				2E4737271B65F60600E14CF7 /* MPABTestDesignerTweakRequestMessage.h in Headers */,
				2E47375B1B65F60600E14CF7 /* MPSurveyNavigationController.h in Headers */,
				2E4737541B65F60600E14CF7 /* MPPropertyDescription.h in Headers */,
				2E47376D1B65F60600E14CF7 /* MPUIControlBinding.h in Headers */,
				2E4737651B65F60600E14CF7 /* MPTweakInline.h in Headers */,
				2E47374D1B65F60600E14CF7 /* MPObjectSerializer.h in Headers */,
				2E4737611B65F60600E14CF7 /* MPSwizzler.h in Headers */,
				2E4737491B65F60600E14CF7 /* MPObjectIdentityProvider.h in Headers */,
				2E47371C1B65F60600E14CF7 /* MPABTestDesignerDeviceInfoRequestMessage.h in Headers */,
				2E4737121B65F60600E14CF7 /* MPABTestDesignerChangeRequestMessage.h in Headers */,
				2E47376A1B65F60600E14CF7 /* MPTypeDescription.h in Headers */,
				2E4737411B65F60600E14CF7 /* MPNotification.h in Headers */,
				2E4737741B65F60600E14CF7 /* MPValueTransformers.h in Headers */,
				2E4737671B65F60600E14CF7 /* MPTweakInlineInternal.h in Headers */,
				2E4737481B65F60600E14CF7 /* MPObjectIdentifierProvider.h in Headers */,
				2E4737231B65F60600E14CF7 /* MPABTestDesignerSnapshotRequestMessage.h in Headers */,
				2E47374F1B65F60600E14CF7 /* MPObjectSerializerConfig.h in Headers */,
				2E4737511B65F60600E14CF7 /* MPObjectSerializerContext.h in Headers */,
				2E4737811B65F60600E14CF7 /* UIImage+MPAverageColor.h in Headers */,
				2E4737581B65F60600E14CF7 /* MPSurvey.h in Headers */,
				2E4737681B65F60600E14CF7 /* MPTweakStore.h in Headers */,
				2E47374B1B65F60600E14CF7 /* MPObjectSelector.h in Headers */,
				2E47372B1B65F60600E14CF7 /* MPApplicationStateSerializer.h in Headers */,
				2E47375D1B65F60600E14CF7 /* MPSurveyQuestion.h in Headers */,
				2E47366D1B65F5C200E14CF7 /* MixPanel.h in Headers */,
				2E47377B1B65F60600E14CF7 /* NSInvocation+MPHelpers.h in Headers */,
				2E4737791B65F60600E14CF7 /* NSData+MPBase64.h in Headers */,
				2E47373E1B65F60600E14CF7 /* MPEventBinding.h in Headers */,
				2E47373C1B65F60600E14CF7 /* MPEnumDescription.h in Headers */,
				2E47370B1B65F60600E14CF7 /* _MPTweakBindObserver.h in Headers */,
				2E4737771B65F60600E14CF7 /* MPWebSocket.h in Headers */,
				2E4737141B65F60600E14CF7 /* MPABTestDesignerChangeResponseMessage.h in Headers */,
				2E4737831B65F60600E14CF7 /* UIImage+MPImageEffects.h in Headers */,
				2E4737561B65F60600E14CF7 /* MPSequenceGenerator.h in Headers */,
				2E4737201B65F60600E14CF7 /* MPABTestDesignerDisconnectMessage.h in Headers */,
				2E4737101B65F60600E14CF7 /* MPAbstractABTestDesignerMessage.h in Headers */,
				2E4737161B65F60600E14CF7 /* MPABTestDesignerClearRequestMessage.h in Headers */,
				2E4737291B65F60600E14CF7 /* MPABTestDesignerTweakResponseMessage.h in Headers */,
			);
			runOnlyForDeploymentPostprocessing = 0;
		};
/* End PBXHeadersBuildPhase section */

/* Begin PBXNativeTarget section */
		2E4736661B65F5C200E14CF7 /* MixPanel */ = {
			isa = PBXNativeTarget;
			buildConfigurationList = 2E47367D1B65F5C200E14CF7 /* Build configuration list for PBXNativeTarget "MixPanel" */;
			buildPhases = (
				2E4736621B65F5C200E14CF7 /* Sources */,
				2E4736631B65F5C200E14CF7 /* Frameworks */,
				2E4736641B65F5C200E14CF7 /* Headers */,
				2E4736651B65F5C200E14CF7 /* Resources */,
			);
			buildRules = (
			);
			dependencies = (
			);
			name = MixPanel;
			productName = MixPanel;
			productReference = 2E4736671B65F5C200E14CF7 /* MixPanel.framework */;
			productType = "com.apple.product-type.framework";
		};
		2E4736711B65F5C200E14CF7 /* MixPanelTests */ = {
			isa = PBXNativeTarget;
			buildConfigurationList = 2E4736801B65F5C200E14CF7 /* Build configuration list for PBXNativeTarget "MixPanelTests" */;
			buildPhases = (
				2E47366E1B65F5C200E14CF7 /* Sources */,
				2E47366F1B65F5C200E14CF7 /* Frameworks */,
				2E4736701B65F5C200E14CF7 /* Resources */,
			);
			buildRules = (
			);
			dependencies = (
				2E4736751B65F5C200E14CF7 /* PBXTargetDependency */,
			);
			name = MixPanelTests;
			productName = MixPanelTests;
			productReference = 2E4736721B65F5C200E14CF7 /* MixPanelTests.xctest */;
			productType = "com.apple.product-type.bundle.unit-test";
		};
/* End PBXNativeTarget section */

/* Begin PBXProject section */
		2E47365E1B65F5C200E14CF7 /* Project object */ = {
			isa = PBXProject;
			attributes = {
				LastUpgradeCheck = 0640;
				ORGANIZATIONNAME = "Hemanta Sapkota";
				TargetAttributes = {
					2E4736661B65F5C200E14CF7 = {
						CreatedOnToolsVersion = 6.4;
					};
					2E4736711B65F5C200E14CF7 = {
						CreatedOnToolsVersion = 6.4;
					};
				};
			};
			buildConfigurationList = 2E4736611B65F5C200E14CF7 /* Build configuration list for PBXProject "MixPanel" */;
			compatibilityVersion = "Xcode 3.2";
			developmentRegion = English;
			hasScannedForEncodings = 0;
			knownRegions = (
				en,
			);
			mainGroup = 2E47365D1B65F5C200E14CF7;
			productRefGroup = 2E4736681B65F5C200E14CF7 /* Products */;
			projectDirPath = "";
			projectRoot = "";
			targets = (
				2E4736661B65F5C200E14CF7 /* MixPanel */,
				2E4736711B65F5C200E14CF7 /* MixPanelTests */,
			);
		};
/* End PBXProject section */

/* Begin PBXResourcesBuildPhase section */
		2E4736651B65F5C200E14CF7 /* Resources */ = {
			isa = PBXResourcesBuildPhase;
			buildActionMask = 2147483647;
			files = (
				2E4737431B65F60600E14CF7 /* MPNotification.storyboard in Resources */,
				2E4737881B65F60600E14CF7 /* dist.p12.enc in Resources */,
				2E4737891B65F60600E14CF7 /* HelloMixpanel_Ad_Hoc.mobileprovision.enc in Resources */,
				2E47377D1B65F60600E14CF7 /* snapshot_config.json in Resources */,
				2E4737861B65F60600E14CF7 /* add-key.sh in Resources */,
				2E47370D1B65F60600E14CF7 /* Media.xcassets in Resources */,
				2E4737871B65F60600E14CF7 /* dist.cer.enc in Resources */,
				2E47377E1B65F60600E14CF7 /* test_variant.json in Resources */,
				2E47375A1B65F60600E14CF7 /* MPSurvey.storyboard in Resources */,
			);
			runOnlyForDeploymentPostprocessing = 0;
		};
		2E4736701B65F5C200E14CF7 /* Resources */ = {
			isa = PBXResourcesBuildPhase;
			buildActionMask = 2147483647;
			files = (
			);
			runOnlyForDeploymentPostprocessing = 0;
		};
/* End PBXResourcesBuildPhase section */

/* Begin PBXSourcesBuildPhase section */
		2E4736621B65F5C200E14CF7 /* Sources */ = {
			isa = PBXSourcesBuildPhase;
			buildActionMask = 2147483647;
			files = (
				2E4737601B65F60600E14CF7 /* MPSurveyQuestionViewController.m in Sources */,
				2E4737851B65F60600E14CF7 /* UIView+MPHelpers.m in Sources */,
				2E47375E1B65F60600E14CF7 /* MPSurveyQuestion.m in Sources */,
				2E4737661B65F60600E14CF7 /* MPTweakInline.m in Sources */,
				2E4737501B65F60600E14CF7 /* MPObjectSerializerConfig.m in Sources */,
				2E47371B1B65F60600E14CF7 /* MPABTestDesignerConnection.m in Sources */,
				2E47377C1B65F60600E14CF7 /* NSInvocation+MPHelpers.m in Sources */,
				2E4737471B65F60600E14CF7 /* MPNSNumberToCGFloatValueTransformer.m in Sources */,
				2E4737531B65F60600E14CF7 /* MPPassThroughValueTransformer.m in Sources */,
				2E4737801B65F60600E14CF7 /* UIColor+MPColor.m in Sources */,
				2E4737171B65F60600E14CF7 /* MPABTestDesignerClearRequestMessage.m in Sources */,
				2E4737451B65F60600E14CF7 /* MPNotificationViewController.m in Sources */,
				2E4737591B65F60600E14CF7 /* MPSurvey.m in Sources */,
				2E47370C1B65F60600E14CF7 /* _MPTweakBindObserver.m in Sources */,
				2E4737711B65F60600E14CF7 /* MPUIImageToNSDictionaryValueTransformer.m in Sources */,
				2E47373B1B65F60600E14CF7 /* MPDesignerTrackMessage.m in Sources */,
				2E4737551B65F60600E14CF7 /* MPPropertyDescription.m in Sources */,
				2E4737391B65F60600E14CF7 /* MPDesignerEventBindingResponseMesssage.m in Sources */,
				2E4737461B65F60600E14CF7 /* MPNSAttributedStringToNSDictionaryValueTransformer.m in Sources */,
				2E4737191B65F60600E14CF7 /* MPABTestDesignerClearResponseMessage.m in Sources */,
				2E4737331B65F60600E14CF7 /* MPCGRectToNSDictionaryValueTransformer.m in Sources */,
				2E47371D1B65F60600E14CF7 /* MPABTestDesignerDeviceInfoRequestMessage.m in Sources */,
				2E4737691B65F60600E14CF7 /* MPTweakStore.m in Sources */,
				2E47372C1B65F60600E14CF7 /* MPApplicationStateSerializer.m in Sources */,
				2E47370F1B65F60600E14CF7 /* Mixpanel.m in Sources */,
				2E4737821B65F60600E14CF7 /* UIImage+MPAverageColor.m in Sources */,
				2E47372A1B65F60600E14CF7 /* MPABTestDesignerTweakResponseMessage.m in Sources */,
				2E4737261B65F60600E14CF7 /* MPABTestDesignerSnapshotResponseMessage.m in Sources */,
				2E47373D1B65F60600E14CF7 /* MPEnumDescription.m in Sources */,
				2E47374A1B65F60600E14CF7 /* MPObjectIdentityProvider.m in Sources */,
				2E4737281B65F60600E14CF7 /* MPABTestDesignerTweakRequestMessage.m in Sources */,
				2E4737621B65F60600E14CF7 /* MPSwizzler.m in Sources */,
				2E47372F1B65F60600E14CF7 /* MPCATransform3DToNSDictionaryValueTransformer.m in Sources */,
				2E4737241B65F60600E14CF7 /* MPABTestDesignerSnapshotRequestMessage.m in Sources */,
				2E4737341B65F60600E14CF7 /* MPCGSizeToNSDictionaryValueTransformer.m in Sources */,
				2E4737761B65F60600E14CF7 /* MPVariant.m in Sources */,
				2E47376C1B65F60600E14CF7 /* MPUIColorToNSStringValueTransformer.m in Sources */,
				2E47374E1B65F60600E14CF7 /* MPObjectSerializer.m in Sources */,
				2E4737361B65F60600E14CF7 /* MPClassDescription.m in Sources */,
				2E4737731B65F60600E14CF7 /* MPUITableViewBinding.m in Sources */,
				2E4737151B65F60600E14CF7 /* MPABTestDesignerChangeResponseMessage.m in Sources */,
				2E4737421B65F60600E14CF7 /* MPNotification.m in Sources */,
				2E47373F1B65F60600E14CF7 /* MPEventBinding.m in Sources */,
				2E47372D1B65F60600E14CF7 /* MPBOOLToNSNumberValueTransformer.m in Sources */,
				2E47371F1B65F60600E14CF7 /* MPABTestDesignerDeviceInfoResponseMessage.m in Sources */,
				2E4737571B65F60600E14CF7 /* MPSequenceGenerator.m in Sources */,
				2E4737701B65F60600E14CF7 /* MPUIFontToNSDictionaryValueTransformer.m in Sources */,
				2E47375C1B65F60600E14CF7 /* MPSurveyNavigationController.m in Sources */,
				2E4737131B65F60600E14CF7 /* MPABTestDesignerChangeRequestMessage.m in Sources */,
				2E4737111B65F60600E14CF7 /* MPAbstractABTestDesignerMessage.m in Sources */,
				2E47374C1B65F60600E14CF7 /* MPObjectSelector.m in Sources */,
				2E4737381B65F60600E14CF7 /* MPDesignerEventBindingRequestMesssage.m in Sources */,
				2E47376B1B65F60600E14CF7 /* MPTypeDescription.m in Sources */,
				2E4737311B65F60600E14CF7 /* MPCGColorRefToNSStringValueTransformer.m in Sources */,
				2E47376F1B65F60600E14CF7 /* MPUIEdgeInsetsToNSDictionaryValueTransformer.m in Sources */,
				2E47376E1B65F60600E14CF7 /* MPUIControlBinding.m in Sources */,
				2E4737841B65F60600E14CF7 /* UIImage+MPImageEffects.m in Sources */,
				2E4737781B65F60600E14CF7 /* MPWebSocket.m in Sources */,
				2E47377A1B65F60600E14CF7 /* NSData+MPBase64.m in Sources */,
				2E4737641B65F60600E14CF7 /* MPTweak.m in Sources */,
				2E4737301B65F60600E14CF7 /* MPCGAffineTransformToNSDictionaryValueTransformer.m in Sources */,
				2E4737521B65F60600E14CF7 /* MPObjectSerializerContext.m in Sources */,
				2E4737211B65F60600E14CF7 /* MPABTestDesignerDisconnectMessage.m in Sources */,
				2E4737321B65F60600E14CF7 /* MPCGPointToNSDictionaryValueTransformer.m in Sources */,
			);
			runOnlyForDeploymentPostprocessing = 0;
		};
		2E47366E1B65F5C200E14CF7 /* Sources */ = {
			isa = PBXSourcesBuildPhase;
			buildActionMask = 2147483647;
			files = (
				2E47367A1B65F5C200E14CF7 /* MixPanelTests.swift in Sources */,
			);
			runOnlyForDeploymentPostprocessing = 0;
		};
/* End PBXSourcesBuildPhase section */

/* Begin PBXTargetDependency section */
		2E4736751B65F5C200E14CF7 /* PBXTargetDependency */ = {
			isa = PBXTargetDependency;
			target = 2E4736661B65F5C200E14CF7 /* MixPanel */;
			targetProxy = 2E4736741B65F5C200E14CF7 /* PBXContainerItemProxy */;
		};
/* End PBXTargetDependency section */

/* Begin XCBuildConfiguration section */
		2E47367B1B65F5C200E14CF7 /* Debug */ = {
			isa = XCBuildConfiguration;
			buildSettings = {
				ALWAYS_SEARCH_USER_PATHS = NO;
				CLANG_CXX_LANGUAGE_STANDARD = "gnu++0x";
				CLANG_CXX_LIBRARY = "libc++";
				CLANG_ENABLE_MODULES = YES;
				CLANG_ENABLE_OBJC_ARC = YES;
				CLANG_WARN_BOOL_CONVERSION = YES;
				CLANG_WARN_CONSTANT_CONVERSION = YES;
				CLANG_WARN_DIRECT_OBJC_ISA_USAGE = YES_ERROR;
				CLANG_WARN_EMPTY_BODY = YES;
				CLANG_WARN_ENUM_CONVERSION = YES;
				CLANG_WARN_INT_CONVERSION = YES;
				CLANG_WARN_OBJC_ROOT_CLASS = YES_ERROR;
				CLANG_WARN_UNREACHABLE_CODE = YES;
				CLANG_WARN__DUPLICATE_METHOD_MATCH = YES;
				"CODE_SIGN_IDENTITY[sdk=iphoneos*]" = "iPhone Developer";
				COPY_PHASE_STRIP = NO;
				CURRENT_PROJECT_VERSION = 1;
				DEBUG_INFORMATION_FORMAT = "dwarf-with-dsym";
				ENABLE_STRICT_OBJC_MSGSEND = YES;
				GCC_C_LANGUAGE_STANDARD = gnu99;
				GCC_DYNAMIC_NO_PIC = NO;
				GCC_NO_COMMON_BLOCKS = YES;
				GCC_OPTIMIZATION_LEVEL = 0;
				GCC_PREPROCESSOR_DEFINITIONS = (
					"DEBUG=1",
					"$(inherited)",
				);
				GCC_SYMBOLS_PRIVATE_EXTERN = NO;
				GCC_WARN_64_TO_32_BIT_CONVERSION = YES;
				GCC_WARN_ABOUT_RETURN_TYPE = YES_ERROR;
				GCC_WARN_UNDECLARED_SELECTOR = YES;
				GCC_WARN_UNINITIALIZED_AUTOS = YES_AGGRESSIVE;
				GCC_WARN_UNUSED_FUNCTION = YES;
				GCC_WARN_UNUSED_VARIABLE = YES;
				IPHONEOS_DEPLOYMENT_TARGET = 8.4;
				MTL_ENABLE_DEBUG_INFO = YES;
				ONLY_ACTIVE_ARCH = YES;
				SDKROOT = iphoneos;
				SWIFT_OPTIMIZATION_LEVEL = "-Onone";
				TARGETED_DEVICE_FAMILY = "1,2";
				VERSIONING_SYSTEM = "apple-generic";
				VERSION_INFO_PREFIX = "";
			};
			name = Debug;
		};
		2E47367C1B65F5C200E14CF7 /* Release */ = {
			isa = XCBuildConfiguration;
			buildSettings = {
				ALWAYS_SEARCH_USER_PATHS = NO;
				CLANG_CXX_LANGUAGE_STANDARD = "gnu++0x";
				CLANG_CXX_LIBRARY = "libc++";
				CLANG_ENABLE_MODULES = YES;
				CLANG_ENABLE_OBJC_ARC = YES;
				CLANG_WARN_BOOL_CONVERSION = YES;
				CLANG_WARN_CONSTANT_CONVERSION = YES;
				CLANG_WARN_DIRECT_OBJC_ISA_USAGE = YES_ERROR;
				CLANG_WARN_EMPTY_BODY = YES;
				CLANG_WARN_ENUM_CONVERSION = YES;
				CLANG_WARN_INT_CONVERSION = YES;
				CLANG_WARN_OBJC_ROOT_CLASS = YES_ERROR;
				CLANG_WARN_UNREACHABLE_CODE = YES;
				CLANG_WARN__DUPLICATE_METHOD_MATCH = YES;
				"CODE_SIGN_IDENTITY[sdk=iphoneos*]" = "iPhone Developer";
				COPY_PHASE_STRIP = NO;
				CURRENT_PROJECT_VERSION = 1;
				DEBUG_INFORMATION_FORMAT = "dwarf-with-dsym";
				ENABLE_NS_ASSERTIONS = NO;
				ENABLE_STRICT_OBJC_MSGSEND = YES;
				GCC_C_LANGUAGE_STANDARD = gnu99;
				GCC_NO_COMMON_BLOCKS = YES;
				GCC_WARN_64_TO_32_BIT_CONVERSION = YES;
				GCC_WARN_ABOUT_RETURN_TYPE = YES_ERROR;
				GCC_WARN_UNDECLARED_SELECTOR = YES;
				GCC_WARN_UNINITIALIZED_AUTOS = YES_AGGRESSIVE;
				GCC_WARN_UNUSED_FUNCTION = YES;
				GCC_WARN_UNUSED_VARIABLE = YES;
				IPHONEOS_DEPLOYMENT_TARGET = 8.4;
				MTL_ENABLE_DEBUG_INFO = NO;
				SDKROOT = iphoneos;
				TARGETED_DEVICE_FAMILY = "1,2";
				VALIDATE_PRODUCT = YES;
				VERSIONING_SYSTEM = "apple-generic";
				VERSION_INFO_PREFIX = "";
			};
			name = Release;
		};
		2E47367E1B65F5C200E14CF7 /* Debug */ = {
			isa = XCBuildConfiguration;
			buildSettings = {
				DEFINES_MODULE = YES;
				DYLIB_COMPATIBILITY_VERSION = 1;
				DYLIB_CURRENT_VERSION = 1;
				DYLIB_INSTALL_NAME_BASE = "@rpath";
				INFOPLIST_FILE = MixPanel/Info.plist;
				INSTALL_PATH = "$(LOCAL_LIBRARY_DIR)/Frameworks";
				IPHONEOS_DEPLOYMENT_TARGET = 8.0;
				LD_RUNPATH_SEARCH_PATHS = "$(inherited) @executable_path/Frameworks @loader_path/Frameworks";
				PRODUCT_NAME = "$(TARGET_NAME)";
				SKIP_INSTALL = YES;
			};
			name = Debug;
		};
		2E47367F1B65F5C200E14CF7 /* Release */ = {
			isa = XCBuildConfiguration;
			buildSettings = {
				DEFINES_MODULE = YES;
				DYLIB_COMPATIBILITY_VERSION = 1;
				DYLIB_CURRENT_VERSION = 1;
				DYLIB_INSTALL_NAME_BASE = "@rpath";
				INFOPLIST_FILE = MixPanel/Info.plist;
				INSTALL_PATH = "$(LOCAL_LIBRARY_DIR)/Frameworks";
				IPHONEOS_DEPLOYMENT_TARGET = 8.0;
				LD_RUNPATH_SEARCH_PATHS = "$(inherited) @executable_path/Frameworks @loader_path/Frameworks";
				PRODUCT_NAME = "$(TARGET_NAME)";
				SKIP_INSTALL = YES;
			};
			name = Release;
		};
		2E4736811B65F5C200E14CF7 /* Debug */ = {
			isa = XCBuildConfiguration;
			buildSettings = {
				FRAMEWORK_SEARCH_PATHS = (
					"$(SDKROOT)/Developer/Library/Frameworks",
					"$(inherited)",
				);
				GCC_PREPROCESSOR_DEFINITIONS = (
					"DEBUG=1",
					"$(inherited)",
				);
				INFOPLIST_FILE = MixPanelTests/Info.plist;
				LD_RUNPATH_SEARCH_PATHS = "$(inherited) @executable_path/Frameworks @loader_path/Frameworks";
				PRODUCT_NAME = "$(TARGET_NAME)";
			};
			name = Debug;
		};
		2E4736821B65F5C200E14CF7 /* Release */ = {
			isa = XCBuildConfiguration;
			buildSettings = {
				FRAMEWORK_SEARCH_PATHS = (
					"$(SDKROOT)/Developer/Library/Frameworks",
					"$(inherited)",
				);
				INFOPLIST_FILE = MixPanelTests/Info.plist;
				LD_RUNPATH_SEARCH_PATHS = "$(inherited) @executable_path/Frameworks @loader_path/Frameworks";
				PRODUCT_NAME = "$(TARGET_NAME)";
			};
			name = Release;
		};
/* End XCBuildConfiguration section */

/* Begin XCConfigurationList section */
		2E4736611B65F5C200E14CF7 /* Build configuration list for PBXProject "MixPanel" */ = {
			isa = XCConfigurationList;
			buildConfigurations = (
				2E47367B1B65F5C200E14CF7 /* Debug */,
				2E47367C1B65F5C200E14CF7 /* Release */,
			);
			defaultConfigurationIsVisible = 0;
			defaultConfigurationName = Release;
		};
		2E47367D1B65F5C200E14CF7 /* Build configuration list for PBXNativeTarget "MixPanel" */ = {
			isa = XCConfigurationList;
			buildConfigurations = (
				2E47367E1B65F5C200E14CF7 /* Debug */,
				2E47367F1B65F5C200E14CF7 /* Release */,
			);
			defaultConfigurationIsVisible = 0;
		};
		2E4736801B65F5C200E14CF7 /* Build configuration list for PBXNativeTarget "MixPanelTests" */ = {
			isa = XCConfigurationList;
			buildConfigurations = (
				2E4736811B65F5C200E14CF7 /* Debug */,
				2E4736821B65F5C200E14CF7 /* Release */,
			);
			defaultConfigurationIsVisible = 0;
		};
/* End XCConfigurationList section */
	};
	rootObject = 2E47365E1B65F5C200E14CF7 /* Project object */;
}
